// !$*UTF8*$!
{
	archiveVersion = 1;
	classes = {
	};
	objectVersion = 56;
	objects = {

/* Begin PBXBuildFile section */
		0D45B7B92CA44CD800AA516F /* WritePostView.swift in Sources */ = {isa = PBXBuildFile; fileRef = 0D45B7B82CA44CD400AA516F /* WritePostView.swift */; };
		0D45B7BB2CA44CE000AA516F /* WritePostViewModel.swift in Sources */ = {isa = PBXBuildFile; fileRef = 0D45B7BA2CA44CDC00AA516F /* WritePostViewModel.swift */; };
		0D45B7CA2CA5745500AA516F /* APICall.swift in Sources */ = {isa = PBXBuildFile; fileRef = 0D45B7C92CA5745100AA516F /* APICall.swift */; };
		0D45B7D02CA6C58100AA516F /* Post.swift in Sources */ = {isa = PBXBuildFile; fileRef = 0D45B7CF2CA6C58100AA516F /* Post.swift */; };
		0D45B7D42CA6C8B000AA516F /* Photo.swift in Sources */ = {isa = PBXBuildFile; fileRef = 0D45B7D32CA6C8B000AA516F /* Photo.swift */; };
		0D45B7D62CA80D2300AA516F /* Constants.swift in Sources */ = {isa = PBXBuildFile; fileRef = 0D45B7D52CA80D1F00AA516F /* Constants.swift */; };
		0D45B7DC2CA81C7B00AA516F /* PhotoRepository.swift in Sources */ = {isa = PBXBuildFile; fileRef = 0D45B7DB2CA81C7600AA516F /* PhotoRepository.swift */; };
		0D45B7DE2CA82F4500AA516F /* PostRepository.swift in Sources */ = {isa = PBXBuildFile; fileRef = 0D45B7DD2CA82F4200AA516F /* PostRepository.swift */; };
		0D45B7E02CAC051E00AA516F /* AddressRepository.swift in Sources */ = {isa = PBXBuildFile; fileRef = 0D45B7DF2CAC051900AA516F /* AddressRepository.swift */; };
		0D45B7E42CAC146000AA516F /* CategoryRepository.swift in Sources */ = {isa = PBXBuildFile; fileRef = 0D45B7E32CAC145700AA516F /* CategoryRepository.swift */; };
		0D45B7F02CAD1B8400AA516F /* SearchPostView.swift in Sources */ = {isa = PBXBuildFile; fileRef = 0D45B7EF2CAD1B8400AA516F /* SearchPostView.swift */; };
		0D45B7F22CAD305800AA516F /* SearchPostViewModel.swift in Sources */ = {isa = PBXBuildFile; fileRef = 0D45B7F12CAD305100AA516F /* SearchPostViewModel.swift */; };
		0D45B7F62CAD33EB00AA516F /* History.swift in Sources */ = {isa = PBXBuildFile; fileRef = 0D45B7F52CAD33DC00AA516F /* History.swift */; };
		0D45B7F82CAD33F800AA516F /* HistoryRepostitory.swift in Sources */ = {isa = PBXBuildFile; fileRef = 0D45B7F72CAD33F000AA516F /* HistoryRepostitory.swift */; };
		0D89F2792CAFF709004C5AF1 /* Response.swift in Sources */ = {isa = PBXBuildFile; fileRef = 0D89F2782CAFF701004C5AF1 /* Response.swift */; };
		0D89F27B2CAFFBE7004C5AF1 /* EncodableExtension.swift in Sources */ = {isa = PBXBuildFile; fileRef = 0D89F27A2CAFFBE0004C5AF1 /* EncodableExtension.swift */; };
		0D89F2832CB15814004C5AF1 /* MoneyFormatter.swift in Sources */ = {isa = PBXBuildFile; fileRef = 0D89F2822CB1580D004C5AF1 /* MoneyFormatter.swift */; };
		0D89F2852CB1613F004C5AF1 /* TimeFormatter.swift in Sources */ = {isa = PBXBuildFile; fileRef = 0D89F2842CB16139004C5AF1 /* TimeFormatter.swift */; };
		0D89F2892CB166F5004C5AF1 /* ImagePicker.swift in Sources */ = {isa = PBXBuildFile; fileRef = 0D89F2882CB166F1004C5AF1 /* ImagePicker.swift */; };
		0D89F28B2CB16814004C5AF1 /* ColorExtension.swift in Sources */ = {isa = PBXBuildFile; fileRef = 0D89F28A2CB1680F004C5AF1 /* ColorExtension.swift */; };
		0D89F2922CB16880004C5AF1 /* URLExtension.swift in Sources */ = {isa = PBXBuildFile; fileRef = 0D89F2912CB16876004C5AF1 /* URLExtension.swift */; };
		0D89F2982CB1989B004C5AF1 /* FavoriteRepository.swift in Sources */ = {isa = PBXBuildFile; fileRef = 0D89F2972CB19896004C5AF1 /* FavoriteRepository.swift */; };
		0D89F2A32CB38BF3004C5AF1 /* SelectLocationView.swift in Sources */ = {isa = PBXBuildFile; fileRef = 0D89F2A22CB38BE9004C5AF1 /* SelectLocationView.swift */; };
		0D89F2A52CB38BFE004C5AF1 /* SelectLocationViewModel.swift in Sources */ = {isa = PBXBuildFile; fileRef = 0D89F2A42CB38BF6004C5AF1 /* SelectLocationViewModel.swift */; };
		0D89F2AD2CB391CB004C5AF1 /* Emd.swift in Sources */ = {isa = PBXBuildFile; fileRef = 0D89F2AC2CB391C8004C5AF1 /* Emd.swift */; };
		0D89F2B02CBBB517004C5AF1 /* PostService.swift in Sources */ = {isa = PBXBuildFile; fileRef = 0D89F2AF2CBBB512004C5AF1 /* PostService.swift */; };
		0D89F2B42CBBBA54004C5AF1 /* ViewStateService.swift in Sources */ = {isa = PBXBuildFile; fileRef = 0D89F2B32CBBBA4D004C5AF1 /* ViewStateService.swift */; };
		0D89F2B72CBD0570004C5AF1 /* AddMyVillageView.swift in Sources */ = {isa = PBXBuildFile; fileRef = 0D89F2B62CBD0567004C5AF1 /* AddMyVillageView.swift */; };
		0D89F2B92CBD057C004C5AF1 /* AddMyVillageViewModel.swift in Sources */ = {isa = PBXBuildFile; fileRef = 0D89F2B82CBD0576004C5AF1 /* AddMyVillageViewModel.swift */; };
		0D89F2C92CC28B3B004C5AF1 /* MyVillageRepository.swift in Sources */ = {isa = PBXBuildFile; fileRef = 0D89F2C82CC28B36004C5AF1 /* MyVillageRepository.swift */; };
		0DB6931B2CA3ED5800A3E3B7 /* ChatRepository.swift in Sources */ = {isa = PBXBuildFile; fileRef = 0DB6931A2CA3ED4C00A3E3B7 /* ChatRepository.swift */; };
		0DB693202CA3F51900A3E3B7 /* ChatListView.swift in Sources */ = {isa = PBXBuildFile; fileRef = 0DB6931F2CA3F51900A3E3B7 /* ChatListView.swift */; };
		0DB693292CA3F66400A3E3B7 /* ChatViewModel.swift in Sources */ = {isa = PBXBuildFile; fileRef = 0DB693272CA3F66400A3E3B7 /* ChatViewModel.swift */; };
		0DB6932A2CA3F66400A3E3B7 /* ChatView.swift in Sources */ = {isa = PBXBuildFile; fileRef = 0DB693262CA3F66400A3E3B7 /* ChatView.swift */; };
		0DB6932C2CA3FC2000A3E3B7 /* Message.swift in Sources */ = {isa = PBXBuildFile; fileRef = 0DB6932B2CA3FC1B00A3E3B7 /* Message.swift */; };
		0DB6932E2CA401FD00A3E3B7 /* MessageRepository.swift in Sources */ = {isa = PBXBuildFile; fileRef = 0DB6932D2CA401F600A3E3B7 /* MessageRepository.swift */; };
		0DB693352CA40E4000A3E3B7 /* MyAccountViewModel.swift in Sources */ = {isa = PBXBuildFile; fileRef = 0DB693342CA40E4000A3E3B7 /* MyAccountViewModel.swift */; };
		0DB693372CA40E4800A3E3B7 /* MyAccountView.swift in Sources */ = {isa = PBXBuildFile; fileRef = 0DB693362CA40E4800A3E3B7 /* MyAccountView.swift */; };
		0DB693392CA4123300A3E3B7 /* UserRepository.swift in Sources */ = {isa = PBXBuildFile; fileRef = 0DB693382CA4122E00A3E3B7 /* UserRepository.swift */; };
		0DB6933D2CA41B7700A3E3B7 /* AccountEditView.swift in Sources */ = {isa = PBXBuildFile; fileRef = 0DB6933C2CA41B7200A3E3B7 /* AccountEditView.swift */; };
		0DB6933F2CA41B8400A3E3B7 /* AccountEditViewModel.swift in Sources */ = {isa = PBXBuildFile; fileRef = 0DB6933E2CA41B7F00A3E3B7 /* AccountEditViewModel.swift */; };
		0DB693482CA42A8100A3E3B7 /* SalesListView.swift in Sources */ = {isa = PBXBuildFile; fileRef = 0DB693452CA42A8100A3E3B7 /* SalesListView.swift */; };
		0DB693492CA42A8100A3E3B7 /* SalesListViewModel.swift in Sources */ = {isa = PBXBuildFile; fileRef = 0DB693462CA42A8100A3E3B7 /* SalesListViewModel.swift */; };
		1F33DC0A2CAF8BBB00A039DA /* Socket.swift in Sources */ = {isa = PBXBuildFile; fileRef = 1F33DC092CAF8BBB00A039DA /* Socket.swift */; };
		1F444F042CCD69E500824F43 /* SocketIO in Frameworks */ = {isa = PBXBuildFile; productRef = 1F444F032CCD69E500824F43 /* SocketIO */; };
		1F444F2C2CCD8D2F00824F43 /* ScanPasses-iPad-FixedHeight-1.mp4 in Resources */ = {isa = PBXBuildFile; fileRef = 1F444F052CCD8D2F00824F43 /* ScanPasses-iPad-FixedHeight-1.mp4 */; };
		1F444F2D2CCD8D2F00824F43 /* ScanPasses-iPad-FixedHeight-2.mp4 in Resources */ = {isa = PBXBuildFile; fileRef = 1F444F062CCD8D2F00824F43 /* ScanPasses-iPad-FixedHeight-2.mp4 */; };
		1F444F2E2CCD8D2F00824F43 /* ScanPasses-iPad-FixedHeight-3.mp4 in Resources */ = {isa = PBXBuildFile; fileRef = 1F444F072CCD8D2F00824F43 /* ScanPasses-iPad-FixedHeight-3.mp4 */; };
		1F444F2F2CCD8D2F00824F43 /* ScanPasses-iPad-FixedHeight-unflippable-high.mp4 in Resources */ = {isa = PBXBuildFile; fileRef = 1F444F082CCD8D2F00824F43 /* ScanPasses-iPad-FixedHeight-unflippable-high.mp4 */; };
		1F444F302CCD8D2F00824F43 /* ScanPasses-iPad-FixedHeight-unflippable-low.mp4 in Resources */ = {isa = PBXBuildFile; fileRef = 1F444F092CCD8D2F00824F43 /* ScanPasses-iPad-FixedHeight-unflippable-low.mp4 */; };
		1F444F312CCD8D2F00824F43 /* ScanPasses-iPhone-FixedHeight-1.mp4 in Resources */ = {isa = PBXBuildFile; fileRef = 1F444F0A2CCD8D2F00824F43 /* ScanPasses-iPhone-FixedHeight-1.mp4 */; };
		1F444F322CCD8D2F00824F43 /* ScanPasses-iPhone-FixedHeight-2.mp4 in Resources */ = {isa = PBXBuildFile; fileRef = 1F444F0B2CCD8D2F00824F43 /* ScanPasses-iPhone-FixedHeight-2.mp4 */; };
		1F444F332CCD8D2F00824F43 /* ScanPasses-iPhone-FixedHeight-3.mp4 in Resources */ = {isa = PBXBuildFile; fileRef = 1F444F0C2CCD8D2F00824F43 /* ScanPasses-iPhone-FixedHeight-3.mp4 */; };
		1F444F342CCD8D2F00824F43 /* ScanPasses-iPhone-FixedHeight-unflippable-high.mp4 in Resources */ = {isa = PBXBuildFile; fileRef = 1F444F0D2CCD8D2F00824F43 /* ScanPasses-iPhone-FixedHeight-unflippable-high.mp4 */; };
		1F444F352CCD8D2F00824F43 /* ScanPasses-iPhone-FixedHeight-unflippable-low.mp4 in Resources */ = {isa = PBXBuildFile; fileRef = 1F444F0E2CCD8D2F00824F43 /* ScanPasses-iPhone-FixedHeight-unflippable-low.mp4 */; };
		1F444F362CCD8D2F00824F43 /* AppDataModel.swift in Sources */ = {isa = PBXBuildFile; fileRef = 1F444F102CCD8D2F00824F43 /* AppDataModel.swift */; };
		1F444F372CCD8D2F00824F43 /* AppDataModel+Orbit.swift in Sources */ = {isa = PBXBuildFile; fileRef = 1F444F112CCD8D2F00824F43 /* AppDataModel+Orbit.swift */; };
		1F444F382CCD8D2F00824F43 /* AppDataModel+State.swift in Sources */ = {isa = PBXBuildFile; fileRef = 1F444F122CCD8D2F00824F43 /* AppDataModel+State.swift */; };
		1F444F392CCD8D2F00824F43 /* CaptureFolderManager.swift in Sources */ = {isa = PBXBuildFile; fileRef = 1F444F132CCD8D2F00824F43 /* CaptureFolderManager.swift */; };
		1F444F3A2CCD8D2F00824F43 /* CaptureOverlayView.swift in Sources */ = {isa = PBXBuildFile; fileRef = 1F444F142CCD8D2F00824F43 /* CaptureOverlayView.swift */; };
		1F444F3B2CCD8D2F00824F43 /* CaptureOverlayView+Buttons.swift in Sources */ = {isa = PBXBuildFile; fileRef = 1F444F152CCD8D2F00824F43 /* CaptureOverlayView+Buttons.swift */; };
		1F444F3C2CCD8D2F00824F43 /* CaptureOverlayView+LocalizedString.swift in Sources */ = {isa = PBXBuildFile; fileRef = 1F444F162CCD8D2F00824F43 /* CaptureOverlayView+LocalizedString.swift */; };
		1F444F3D2CCD8D2F00824F43 /* CapturePrimaryView.swift in Sources */ = {isa = PBXBuildFile; fileRef = 1F444F172CCD8D2F00824F43 /* CapturePrimaryView.swift */; };
		1F444F3E2CCD8D2F00824F43 /* FeedbackMessages.swift in Sources */ = {isa = PBXBuildFile; fileRef = 1F444F182CCD8D2F00824F43 /* FeedbackMessages.swift */; };
		1F444F3F2CCD8D2F00824F43 /* FeedbackView.swift in Sources */ = {isa = PBXBuildFile; fileRef = 1F444F192CCD8D2F00824F43 /* FeedbackView.swift */; };
		1F444F402CCD8D2F00824F43 /* HelpPageView.swift in Sources */ = {isa = PBXBuildFile; fileRef = 1F444F1A2CCD8D2F00824F43 /* HelpPageView.swift */; };
		1F444F412CCD8D2F00824F43 /* MainCaptureView.swift in Sources */ = {isa = PBXBuildFile; fileRef = 1F444F1B2CCD8D2F00824F43 /* MainCaptureView.swift */; };
		1F444F422CCD8D2F00824F43 /* mock.swift in Sources */ = {isa = PBXBuildFile; fileRef = 1F444F1C2CCD8D2F00824F43 /* mock.swift */; };
		1F444F432CCD8D2F00824F43 /* ModelView.swift in Sources */ = {isa = PBXBuildFile; fileRef = 1F444F1D2CCD8D2F00824F43 /* ModelView.swift */; };
		1F444F442CCD8D2F00824F43 /* OnboardingButtonView.swift in Sources */ = {isa = PBXBuildFile; fileRef = 1F444F1E2CCD8D2F00824F43 /* OnboardingButtonView.swift */; };
		1F444F452CCD8D2F00824F43 /* OnboardingButtonView+LocalizedString.swift in Sources */ = {isa = PBXBuildFile; fileRef = 1F444F1F2CCD8D2F00824F43 /* OnboardingButtonView+LocalizedString.swift */; };
		1F444F462CCD8D2F00824F43 /* OnboardingStateMachine.swift in Sources */ = {isa = PBXBuildFile; fileRef = 1F444F202CCD8D2F00824F43 /* OnboardingStateMachine.swift */; };
		1F444F472CCD8D2F00824F43 /* OnboardingTutorialView.swift in Sources */ = {isa = PBXBuildFile; fileRef = 1F444F212CCD8D2F00824F43 /* OnboardingTutorialView.swift */; };
		1F444F482CCD8D2F00824F43 /* OnboardingTutorialView+LocalizedString.swift in Sources */ = {isa = PBXBuildFile; fileRef = 1F444F222CCD8D2F00824F43 /* OnboardingTutorialView+LocalizedString.swift */; };
		1F444F492CCD8D2F00824F43 /* OnboardingView.swift in Sources */ = {isa = PBXBuildFile; fileRef = 1F444F232CCD8D2F00824F43 /* OnboardingView.swift */; };
		1F444F4A2CCD8D2F00824F43 /* PlayerView.swift in Sources */ = {isa = PBXBuildFile; fileRef = 1F444F242CCD8D2F00824F43 /* PlayerView.swift */; };
		1F444F4B2CCD8D2F00824F43 /* ProgressBarView.swift in Sources */ = {isa = PBXBuildFile; fileRef = 1F444F252CCD8D2F00824F43 /* ProgressBarView.swift */; };
		1F444F4C2CCD8D2F00824F43 /* ReconstructionPrimaryView.swift in Sources */ = {isa = PBXBuildFile; fileRef = 1F444F262CCD8D2F00824F43 /* ReconstructionPrimaryView.swift */; };
		1F444F4D2CCD8D2F00824F43 /* ShotFileInfo.swift in Sources */ = {isa = PBXBuildFile; fileRef = 1F444F272CCD8D2F00824F43 /* ShotFileInfo.swift */; };
		1F444F4E2CCD8D2F00824F43 /* TimedMessageList.swift in Sources */ = {isa = PBXBuildFile; fileRef = 1F444F282CCD8D2F00824F43 /* TimedMessageList.swift */; };
		1F444F4F2CCD8D2F00824F43 /* TutorialVideoView.swift in Sources */ = {isa = PBXBuildFile; fileRef = 1F444F292CCD8D2F00824F43 /* TutorialVideoView.swift */; };
		1F444F502CCD8D2F00824F43 /* UntilProcessingCompleteFilter.swift in Sources */ = {isa = PBXBuildFile; fileRef = 1F444F2A2CCD8D2F00824F43 /* UntilProcessingCompleteFilter.swift */; };
		1F53E2BC2CAD13360071A8C8 /* AppDelegate.swift in Sources */ = {isa = PBXBuildFile; fileRef = 1F53E2BB2CAD13350071A8C8 /* AppDelegate.swift */; };
		1F691BB72CA3CE500076E8A8 /* PostDetail.swift in Sources */ = {isa = PBXBuildFile; fileRef = 1F691BB62CA3CE500076E8A8 /* PostDetail.swift */; };
		1F691BB92CA3CE660076E8A8 /* PostDetailViewModel.swift in Sources */ = {isa = PBXBuildFile; fileRef = 1F691BB82CA3CE660076E8A8 /* PostDetailViewModel.swift */; };
		1F8C121D2CA3FDCB00A33802 /* example.swift in Sources */ = {isa = PBXBuildFile; fileRef = 1F8C121C2CA3FDCB00A33802 /* example.swift */; };
		1F8C121F2CA4071F00A33802 /* PostRow.swift in Sources */ = {isa = PBXBuildFile; fileRef = 1F8C121E2CA4071F00A33802 /* PostRow.swift */; };
		1FC52F7B2CA2CF72001A933B /* MVVM_UeongApp.swift in Sources */ = {isa = PBXBuildFile; fileRef = 1FC52F7A2CA2CF72001A933B /* MVVM_UeongApp.swift */; };
		1FC52F7D2CA2CF72001A933B /* ContentView.swift in Sources */ = {isa = PBXBuildFile; fileRef = 1FC52F7C2CA2CF72001A933B /* ContentView.swift */; };
		1FC52F7F2CA2CF73001A933B /* Assets.xcassets in Resources */ = {isa = PBXBuildFile; fileRef = 1FC52F7E2CA2CF73001A933B /* Assets.xcassets */; };
		1FC52F822CA2CF73001A933B /* Preview Assets.xcassets in Resources */ = {isa = PBXBuildFile; fileRef = 1FC52F812CA2CF73001A933B /* Preview Assets.xcassets */; };
		1FC52F842CA2CF73001A933B /* Persistence.swift in Sources */ = {isa = PBXBuildFile; fileRef = 1FC52F832CA2CF73001A933B /* Persistence.swift */; };
		1FC52F872CA2CF73001A933B /* MVVM_Ueong.xcdatamodeld in Sources */ = {isa = PBXBuildFile; fileRef = 1FC52F852CA2CF73001A933B /* MVVM_Ueong.xcdatamodeld */; };
		1FC52F912CA2CF73001A933B /* MVVM_UeongTests.swift in Sources */ = {isa = PBXBuildFile; fileRef = 1FC52F902CA2CF73001A933B /* MVVM_UeongTests.swift */; };
		1FC52F9B2CA2CF73001A933B /* MVVM_UeongUITests.swift in Sources */ = {isa = PBXBuildFile; fileRef = 1FC52F9A2CA2CF73001A933B /* MVVM_UeongUITests.swift */; };
		1FC52F9D2CA2CF73001A933B /* MVVM_UeongUITestsLaunchTests.swift in Sources */ = {isa = PBXBuildFile; fileRef = 1FC52F9C2CA2CF73001A933B /* MVVM_UeongUITestsLaunchTests.swift */; };
		1FC52FAC2CA2DA55001A933B /* MainTabView.swift in Sources */ = {isa = PBXBuildFile; fileRef = 1FC52FAB2CA2DA55001A933B /* MainTabView.swift */; };
		1FC52FB22CA2DBDC001A933B /* PostsList.swift in Sources */ = {isa = PBXBuildFile; fileRef = 1FC52FB12CA2DBDC001A933B /* PostsList.swift */; };
		1FC52FB62CA2DBF9001A933B /* FavoritesList.swift in Sources */ = {isa = PBXBuildFile; fileRef = 1FC52FB52CA2DBF9001A933B /* FavoritesList.swift */; };
		1FC52FBA2CA2DCA0001A933B /* PostsListViewModel.swift in Sources */ = {isa = PBXBuildFile; fileRef = 1FC52FB92CA2DCA0001A933B /* PostsListViewModel.swift */; };
		1FC52FBC2CA2DCC3001A933B /* ChatListViewModel.swift in Sources */ = {isa = PBXBuildFile; fileRef = 1FC52FBB2CA2DCC3001A933B /* ChatListViewModel.swift */; };
		1FC52FBE2CA2DCD3001A933B /* FavoritesListViewModel.swift in Sources */ = {isa = PBXBuildFile; fileRef = 1FC52FBD2CA2DCD3001A933B /* FavoritesListViewModel.swift */; };
		1FC52FC52CA2E4AF001A933B /* User.swift in Sources */ = {isa = PBXBuildFile; fileRef = 1FC52FC42CA2E4AF001A933B /* User.swift */; };
		1FC52FC72CA2E660001A933B /* Chat.swift in Sources */ = {isa = PBXBuildFile; fileRef = 1FC52FC62CA2E660001A933B /* Chat.swift */; };
		1FD1346C2CA57F7400B48F6B /* example2.swift in Sources */ = {isa = PBXBuildFile; fileRef = 1FD1346B2CA57F7400B48F6B /* example2.swift */; };
		1FD1346E2CA588B000B48F6B /* SelectRegion.swift in Sources */ = {isa = PBXBuildFile; fileRef = 1FD1346D2CA588B000B48F6B /* SelectRegion.swift */; };
		1FD134702CA594BB00B48F6B /* SearchBar.swift in Sources */ = {isa = PBXBuildFile; fileRef = 1FD1346F2CA594BB00B48F6B /* SearchBar.swift */; };
		1FD134722CA5980D00B48F6B /* SelectPostOption.swift in Sources */ = {isa = PBXBuildFile; fileRef = 1FD134712CA5980D00B48F6B /* SelectPostOption.swift */; };
/* End PBXBuildFile section */

/* Begin PBXContainerItemProxy section */
		1FC52F8D2CA2CF73001A933B /* PBXContainerItemProxy */ = {
			isa = PBXContainerItemProxy;
			containerPortal = 1FC52F6F2CA2CF72001A933B /* Project object */;
			proxyType = 1;
			remoteGlobalIDString = 1FC52F762CA2CF72001A933B;
			remoteInfo = MVVM_Ueong;
		};
		1FC52F972CA2CF73001A933B /* PBXContainerItemProxy */ = {
			isa = PBXContainerItemProxy;
			containerPortal = 1FC52F6F2CA2CF72001A933B /* Project object */;
			proxyType = 1;
			remoteGlobalIDString = 1FC52F762CA2CF72001A933B;
			remoteInfo = MVVM_Ueong;
		};
/* End PBXContainerItemProxy section */

/* Begin PBXFileReference section */
		0D45B7B82CA44CD400AA516F /* WritePostView.swift */ = {isa = PBXFileReference; lastKnownFileType = sourcecode.swift; path = WritePostView.swift; sourceTree = "<group>"; };
		0D45B7BA2CA44CDC00AA516F /* WritePostViewModel.swift */ = {isa = PBXFileReference; lastKnownFileType = sourcecode.swift; path = WritePostViewModel.swift; sourceTree = "<group>"; };
		0D45B7C92CA5745100AA516F /* APICall.swift */ = {isa = PBXFileReference; lastKnownFileType = sourcecode.swift; path = APICall.swift; sourceTree = "<group>"; };
		0D45B7CF2CA6C58100AA516F /* Post.swift */ = {isa = PBXFileReference; lastKnownFileType = sourcecode.swift; path = Post.swift; sourceTree = "<group>"; };
		0D45B7D32CA6C8B000AA516F /* Photo.swift */ = {isa = PBXFileReference; lastKnownFileType = sourcecode.swift; path = Photo.swift; sourceTree = "<group>"; };
		0D45B7D52CA80D1F00AA516F /* Constants.swift */ = {isa = PBXFileReference; lastKnownFileType = sourcecode.swift; path = Constants.swift; sourceTree = "<group>"; };
		0D45B7DB2CA81C7600AA516F /* PhotoRepository.swift */ = {isa = PBXFileReference; lastKnownFileType = sourcecode.swift; path = PhotoRepository.swift; sourceTree = "<group>"; };
		0D45B7DD2CA82F4200AA516F /* PostRepository.swift */ = {isa = PBXFileReference; lastKnownFileType = sourcecode.swift; path = PostRepository.swift; sourceTree = "<group>"; };
		0D45B7DF2CAC051900AA516F /* AddressRepository.swift */ = {isa = PBXFileReference; lastKnownFileType = sourcecode.swift; path = AddressRepository.swift; sourceTree = "<group>"; };
		0D45B7E32CAC145700AA516F /* CategoryRepository.swift */ = {isa = PBXFileReference; lastKnownFileType = sourcecode.swift; path = CategoryRepository.swift; sourceTree = "<group>"; };
		0D45B7EF2CAD1B8400AA516F /* SearchPostView.swift */ = {isa = PBXFileReference; lastKnownFileType = sourcecode.swift; path = SearchPostView.swift; sourceTree = "<group>"; };
		0D45B7F12CAD305100AA516F /* SearchPostViewModel.swift */ = {isa = PBXFileReference; lastKnownFileType = sourcecode.swift; path = SearchPostViewModel.swift; sourceTree = "<group>"; };
		0D45B7F52CAD33DC00AA516F /* History.swift */ = {isa = PBXFileReference; lastKnownFileType = sourcecode.swift; path = History.swift; sourceTree = "<group>"; };
		0D45B7F72CAD33F000AA516F /* HistoryRepostitory.swift */ = {isa = PBXFileReference; lastKnownFileType = sourcecode.swift; path = HistoryRepostitory.swift; sourceTree = "<group>"; };
		0D89F2782CAFF701004C5AF1 /* Response.swift */ = {isa = PBXFileReference; lastKnownFileType = sourcecode.swift; path = Response.swift; sourceTree = "<group>"; };
		0D89F27A2CAFFBE0004C5AF1 /* EncodableExtension.swift */ = {isa = PBXFileReference; lastKnownFileType = sourcecode.swift; path = EncodableExtension.swift; sourceTree = "<group>"; };
		0D89F2822CB1580D004C5AF1 /* MoneyFormatter.swift */ = {isa = PBXFileReference; lastKnownFileType = sourcecode.swift; path = MoneyFormatter.swift; sourceTree = "<group>"; };
		0D89F2842CB16139004C5AF1 /* TimeFormatter.swift */ = {isa = PBXFileReference; lastKnownFileType = sourcecode.swift; path = TimeFormatter.swift; sourceTree = "<group>"; };
		0D89F2882CB166F1004C5AF1 /* ImagePicker.swift */ = {isa = PBXFileReference; lastKnownFileType = sourcecode.swift; path = ImagePicker.swift; sourceTree = "<group>"; };
		0D89F28A2CB1680F004C5AF1 /* ColorExtension.swift */ = {isa = PBXFileReference; lastKnownFileType = sourcecode.swift; path = ColorExtension.swift; sourceTree = "<group>"; };
		0D89F2912CB16876004C5AF1 /* URLExtension.swift */ = {isa = PBXFileReference; lastKnownFileType = sourcecode.swift; path = URLExtension.swift; sourceTree = "<group>"; };
		0D89F2972CB19896004C5AF1 /* FavoriteRepository.swift */ = {isa = PBXFileReference; lastKnownFileType = sourcecode.swift; path = FavoriteRepository.swift; sourceTree = "<group>"; };
		0D89F2A22CB38BE9004C5AF1 /* SelectLocationView.swift */ = {isa = PBXFileReference; lastKnownFileType = sourcecode.swift; path = SelectLocationView.swift; sourceTree = "<group>"; };
		0D89F2A42CB38BF6004C5AF1 /* SelectLocationViewModel.swift */ = {isa = PBXFileReference; lastKnownFileType = sourcecode.swift; path = SelectLocationViewModel.swift; sourceTree = "<group>"; };
		0D89F2AC2CB391C8004C5AF1 /* Emd.swift */ = {isa = PBXFileReference; lastKnownFileType = sourcecode.swift; path = Emd.swift; sourceTree = "<group>"; };
		0D89F2AF2CBBB512004C5AF1 /* PostService.swift */ = {isa = PBXFileReference; lastKnownFileType = sourcecode.swift; path = PostService.swift; sourceTree = "<group>"; };
		0D89F2B32CBBBA4D004C5AF1 /* ViewStateService.swift */ = {isa = PBXFileReference; lastKnownFileType = sourcecode.swift; path = ViewStateService.swift; sourceTree = "<group>"; };
		0D89F2B62CBD0567004C5AF1 /* AddMyVillageView.swift */ = {isa = PBXFileReference; lastKnownFileType = sourcecode.swift; path = AddMyVillageView.swift; sourceTree = "<group>"; };
		0D89F2B82CBD0576004C5AF1 /* AddMyVillageViewModel.swift */ = {isa = PBXFileReference; lastKnownFileType = sourcecode.swift; path = AddMyVillageViewModel.swift; sourceTree = "<group>"; };
		0D89F2C82CC28B36004C5AF1 /* MyVillageRepository.swift */ = {isa = PBXFileReference; lastKnownFileType = sourcecode.swift; path = MyVillageRepository.swift; sourceTree = "<group>"; };
		0D89F2CA2CCC78A8004C5AF1 /* MVVM-Ueong-Info.plist */ = {isa = PBXFileReference; lastKnownFileType = text.plist; path = "MVVM-Ueong-Info.plist"; sourceTree = SOURCE_ROOT; };
		0DB6931A2CA3ED4C00A3E3B7 /* ChatRepository.swift */ = {isa = PBXFileReference; lastKnownFileType = sourcecode.swift; path = ChatRepository.swift; sourceTree = "<group>"; };
		0DB6931F2CA3F51900A3E3B7 /* ChatListView.swift */ = {isa = PBXFileReference; lastKnownFileType = sourcecode.swift; path = ChatListView.swift; sourceTree = "<group>"; };
		0DB693262CA3F66400A3E3B7 /* ChatView.swift */ = {isa = PBXFileReference; lastKnownFileType = sourcecode.swift; path = ChatView.swift; sourceTree = "<group>"; };
		0DB693272CA3F66400A3E3B7 /* ChatViewModel.swift */ = {isa = PBXFileReference; lastKnownFileType = sourcecode.swift; path = ChatViewModel.swift; sourceTree = "<group>"; };
		0DB6932B2CA3FC1B00A3E3B7 /* Message.swift */ = {isa = PBXFileReference; lastKnownFileType = sourcecode.swift; path = Message.swift; sourceTree = "<group>"; };
		0DB6932D2CA401F600A3E3B7 /* MessageRepository.swift */ = {isa = PBXFileReference; lastKnownFileType = sourcecode.swift; path = MessageRepository.swift; sourceTree = "<group>"; };
		0DB693342CA40E4000A3E3B7 /* MyAccountViewModel.swift */ = {isa = PBXFileReference; lastKnownFileType = sourcecode.swift; path = MyAccountViewModel.swift; sourceTree = "<group>"; };
		0DB693362CA40E4800A3E3B7 /* MyAccountView.swift */ = {isa = PBXFileReference; lastKnownFileType = sourcecode.swift; path = MyAccountView.swift; sourceTree = "<group>"; };
		0DB693382CA4122E00A3E3B7 /* UserRepository.swift */ = {isa = PBXFileReference; lastKnownFileType = sourcecode.swift; path = UserRepository.swift; sourceTree = "<group>"; };
		0DB6933C2CA41B7200A3E3B7 /* AccountEditView.swift */ = {isa = PBXFileReference; lastKnownFileType = sourcecode.swift; path = AccountEditView.swift; sourceTree = "<group>"; };
		0DB6933E2CA41B7F00A3E3B7 /* AccountEditViewModel.swift */ = {isa = PBXFileReference; lastKnownFileType = sourcecode.swift; path = AccountEditViewModel.swift; sourceTree = "<group>"; };
		0DB693452CA42A8100A3E3B7 /* SalesListView.swift */ = {isa = PBXFileReference; lastKnownFileType = sourcecode.swift; path = SalesListView.swift; sourceTree = "<group>"; };
		0DB693462CA42A8100A3E3B7 /* SalesListViewModel.swift */ = {isa = PBXFileReference; lastKnownFileType = sourcecode.swift; path = SalesListViewModel.swift; sourceTree = "<group>"; };
		1F33DC092CAF8BBB00A039DA /* Socket.swift */ = {isa = PBXFileReference; lastKnownFileType = sourcecode.swift; path = Socket.swift; sourceTree = "<group>"; };
		1F444F052CCD8D2F00824F43 /* ScanPasses-iPad-FixedHeight-1.mp4 */ = {isa = PBXFileReference; lastKnownFileType = file; path = "ScanPasses-iPad-FixedHeight-1.mp4"; sourceTree = "<group>"; };
		1F444F062CCD8D2F00824F43 /* ScanPasses-iPad-FixedHeight-2.mp4 */ = {isa = PBXFileReference; lastKnownFileType = file; path = "ScanPasses-iPad-FixedHeight-2.mp4"; sourceTree = "<group>"; };
		1F444F072CCD8D2F00824F43 /* ScanPasses-iPad-FixedHeight-3.mp4 */ = {isa = PBXFileReference; lastKnownFileType = file; path = "ScanPasses-iPad-FixedHeight-3.mp4"; sourceTree = "<group>"; };
		1F444F082CCD8D2F00824F43 /* ScanPasses-iPad-FixedHeight-unflippable-high.mp4 */ = {isa = PBXFileReference; lastKnownFileType = file; path = "ScanPasses-iPad-FixedHeight-unflippable-high.mp4"; sourceTree = "<group>"; };
		1F444F092CCD8D2F00824F43 /* ScanPasses-iPad-FixedHeight-unflippable-low.mp4 */ = {isa = PBXFileReference; lastKnownFileType = file; path = "ScanPasses-iPad-FixedHeight-unflippable-low.mp4"; sourceTree = "<group>"; };
		1F444F0A2CCD8D2F00824F43 /* ScanPasses-iPhone-FixedHeight-1.mp4 */ = {isa = PBXFileReference; lastKnownFileType = file; path = "ScanPasses-iPhone-FixedHeight-1.mp4"; sourceTree = "<group>"; };
		1F444F0B2CCD8D2F00824F43 /* ScanPasses-iPhone-FixedHeight-2.mp4 */ = {isa = PBXFileReference; lastKnownFileType = file; path = "ScanPasses-iPhone-FixedHeight-2.mp4"; sourceTree = "<group>"; };
		1F444F0C2CCD8D2F00824F43 /* ScanPasses-iPhone-FixedHeight-3.mp4 */ = {isa = PBXFileReference; lastKnownFileType = file; path = "ScanPasses-iPhone-FixedHeight-3.mp4"; sourceTree = "<group>"; };
		1F444F0D2CCD8D2F00824F43 /* ScanPasses-iPhone-FixedHeight-unflippable-high.mp4 */ = {isa = PBXFileReference; lastKnownFileType = file; path = "ScanPasses-iPhone-FixedHeight-unflippable-high.mp4"; sourceTree = "<group>"; };
		1F444F0E2CCD8D2F00824F43 /* ScanPasses-iPhone-FixedHeight-unflippable-low.mp4 */ = {isa = PBXFileReference; lastKnownFileType = file; path = "ScanPasses-iPhone-FixedHeight-unflippable-low.mp4"; sourceTree = "<group>"; };
		1F444F102CCD8D2F00824F43 /* AppDataModel.swift */ = {isa = PBXFileReference; fileEncoding = 4; lastKnownFileType = sourcecode.swift; path = AppDataModel.swift; sourceTree = "<group>"; };
		1F444F112CCD8D2F00824F43 /* AppDataModel+Orbit.swift */ = {isa = PBXFileReference; fileEncoding = 4; lastKnownFileType = sourcecode.swift; path = "AppDataModel+Orbit.swift"; sourceTree = "<group>"; };
		1F444F122CCD8D2F00824F43 /* AppDataModel+State.swift */ = {isa = PBXFileReference; fileEncoding = 4; lastKnownFileType = sourcecode.swift; path = "AppDataModel+State.swift"; sourceTree = "<group>"; };
		1F444F132CCD8D2F00824F43 /* CaptureFolderManager.swift */ = {isa = PBXFileReference; fileEncoding = 4; lastKnownFileType = sourcecode.swift; path = CaptureFolderManager.swift; sourceTree = "<group>"; };
		1F444F142CCD8D2F00824F43 /* CaptureOverlayView.swift */ = {isa = PBXFileReference; fileEncoding = 4; lastKnownFileType = sourcecode.swift; path = CaptureOverlayView.swift; sourceTree = "<group>"; };
		1F444F152CCD8D2F00824F43 /* CaptureOverlayView+Buttons.swift */ = {isa = PBXFileReference; fileEncoding = 4; lastKnownFileType = sourcecode.swift; path = "CaptureOverlayView+Buttons.swift"; sourceTree = "<group>"; };
		1F444F162CCD8D2F00824F43 /* CaptureOverlayView+LocalizedString.swift */ = {isa = PBXFileReference; fileEncoding = 4; lastKnownFileType = sourcecode.swift; path = "CaptureOverlayView+LocalizedString.swift"; sourceTree = "<group>"; };
		1F444F172CCD8D2F00824F43 /* CapturePrimaryView.swift */ = {isa = PBXFileReference; fileEncoding = 4; lastKnownFileType = sourcecode.swift; path = CapturePrimaryView.swift; sourceTree = "<group>"; };
		1F444F182CCD8D2F00824F43 /* FeedbackMessages.swift */ = {isa = PBXFileReference; fileEncoding = 4; lastKnownFileType = sourcecode.swift; path = FeedbackMessages.swift; sourceTree = "<group>"; };
		1F444F192CCD8D2F00824F43 /* FeedbackView.swift */ = {isa = PBXFileReference; fileEncoding = 4; lastKnownFileType = sourcecode.swift; path = FeedbackView.swift; sourceTree = "<group>"; };
		1F444F1A2CCD8D2F00824F43 /* HelpPageView.swift */ = {isa = PBXFileReference; fileEncoding = 4; lastKnownFileType = sourcecode.swift; path = HelpPageView.swift; sourceTree = "<group>"; };
		1F444F1B2CCD8D2F00824F43 /* MainCaptureView.swift */ = {isa = PBXFileReference; fileEncoding = 4; lastKnownFileType = sourcecode.swift; path = MainCaptureView.swift; sourceTree = "<group>"; };
		1F444F1C2CCD8D2F00824F43 /* mock.swift */ = {isa = PBXFileReference; fileEncoding = 4; lastKnownFileType = sourcecode.swift; path = mock.swift; sourceTree = "<group>"; };
		1F444F1D2CCD8D2F00824F43 /* ModelView.swift */ = {isa = PBXFileReference; fileEncoding = 4; lastKnownFileType = sourcecode.swift; path = ModelView.swift; sourceTree = "<group>"; };
		1F444F1E2CCD8D2F00824F43 /* OnboardingButtonView.swift */ = {isa = PBXFileReference; fileEncoding = 4; lastKnownFileType = sourcecode.swift; path = OnboardingButtonView.swift; sourceTree = "<group>"; };
		1F444F1F2CCD8D2F00824F43 /* OnboardingButtonView+LocalizedString.swift */ = {isa = PBXFileReference; fileEncoding = 4; lastKnownFileType = sourcecode.swift; path = "OnboardingButtonView+LocalizedString.swift"; sourceTree = "<group>"; };
		1F444F202CCD8D2F00824F43 /* OnboardingStateMachine.swift */ = {isa = PBXFileReference; fileEncoding = 4; lastKnownFileType = sourcecode.swift; path = OnboardingStateMachine.swift; sourceTree = "<group>"; };
		1F444F212CCD8D2F00824F43 /* OnboardingTutorialView.swift */ = {isa = PBXFileReference; fileEncoding = 4; lastKnownFileType = sourcecode.swift; path = OnboardingTutorialView.swift; sourceTree = "<group>"; };
		1F444F222CCD8D2F00824F43 /* OnboardingTutorialView+LocalizedString.swift */ = {isa = PBXFileReference; fileEncoding = 4; lastKnownFileType = sourcecode.swift; path = "OnboardingTutorialView+LocalizedString.swift"; sourceTree = "<group>"; };
		1F444F232CCD8D2F00824F43 /* OnboardingView.swift */ = {isa = PBXFileReference; fileEncoding = 4; lastKnownFileType = sourcecode.swift; path = OnboardingView.swift; sourceTree = "<group>"; };
		1F444F242CCD8D2F00824F43 /* PlayerView.swift */ = {isa = PBXFileReference; fileEncoding = 4; lastKnownFileType = sourcecode.swift; path = PlayerView.swift; sourceTree = "<group>"; };
		1F444F252CCD8D2F00824F43 /* ProgressBarView.swift */ = {isa = PBXFileReference; fileEncoding = 4; lastKnownFileType = sourcecode.swift; path = ProgressBarView.swift; sourceTree = "<group>"; };
		1F444F262CCD8D2F00824F43 /* ReconstructionPrimaryView.swift */ = {isa = PBXFileReference; fileEncoding = 4; lastKnownFileType = sourcecode.swift; path = ReconstructionPrimaryView.swift; sourceTree = "<group>"; };
		1F444F272CCD8D2F00824F43 /* ShotFileInfo.swift */ = {isa = PBXFileReference; fileEncoding = 4; lastKnownFileType = sourcecode.swift; path = ShotFileInfo.swift; sourceTree = "<group>"; };
		1F444F282CCD8D2F00824F43 /* TimedMessageList.swift */ = {isa = PBXFileReference; fileEncoding = 4; lastKnownFileType = sourcecode.swift; path = TimedMessageList.swift; sourceTree = "<group>"; };
		1F444F292CCD8D2F00824F43 /* TutorialVideoView.swift */ = {isa = PBXFileReference; fileEncoding = 4; lastKnownFileType = sourcecode.swift; path = TutorialVideoView.swift; sourceTree = "<group>"; };
		1F444F2A2CCD8D2F00824F43 /* UntilProcessingCompleteFilter.swift */ = {isa = PBXFileReference; fileEncoding = 4; lastKnownFileType = sourcecode.swift; path = UntilProcessingCompleteFilter.swift; sourceTree = "<group>"; };
		1F53E2BB2CAD13350071A8C8 /* AppDelegate.swift */ = {isa = PBXFileReference; lastKnownFileType = sourcecode.swift; path = AppDelegate.swift; sourceTree = "<group>"; };
		1F691BB62CA3CE500076E8A8 /* PostDetail.swift */ = {isa = PBXFileReference; lastKnownFileType = sourcecode.swift; path = PostDetail.swift; sourceTree = "<group>"; };
		1F691BB82CA3CE660076E8A8 /* PostDetailViewModel.swift */ = {isa = PBXFileReference; lastKnownFileType = sourcecode.swift; path = PostDetailViewModel.swift; sourceTree = "<group>"; };
		1F8C121C2CA3FDCB00A33802 /* example.swift */ = {isa = PBXFileReference; lastKnownFileType = sourcecode.swift; path = example.swift; sourceTree = "<group>"; };
		1F8C121E2CA4071F00A33802 /* PostRow.swift */ = {isa = PBXFileReference; lastKnownFileType = sourcecode.swift; path = PostRow.swift; sourceTree = "<group>"; };
		1FC52F7A2CA2CF72001A933B /* MVVM_UeongApp.swift */ = {isa = PBXFileReference; lastKnownFileType = sourcecode.swift; path = MVVM_UeongApp.swift; sourceTree = "<group>"; };
		1FC52F7C2CA2CF72001A933B /* ContentView.swift */ = {isa = PBXFileReference; lastKnownFileType = sourcecode.swift; path = ContentView.swift; sourceTree = "<group>"; };
		1FC52F7E2CA2CF73001A933B /* Assets.xcassets */ = {isa = PBXFileReference; lastKnownFileType = folder.assetcatalog; path = Assets.xcassets; sourceTree = "<group>"; };
		1FC52F812CA2CF73001A933B /* Preview Assets.xcassets */ = {isa = PBXFileReference; lastKnownFileType = folder.assetcatalog; path = "Preview Assets.xcassets"; sourceTree = "<group>"; };
		1FC52F832CA2CF73001A933B /* Persistence.swift */ = {isa = PBXFileReference; lastKnownFileType = sourcecode.swift; path = Persistence.swift; sourceTree = "<group>"; };
		1FC52F862CA2CF73001A933B /* MVVM_Ueong.xcdatamodel */ = {isa = PBXFileReference; lastKnownFileType = wrapper.xcdatamodel; path = MVVM_Ueong.xcdatamodel; sourceTree = "<group>"; };
		1FC52F902CA2CF73001A933B /* MVVM_UeongTests.swift */ = {isa = PBXFileReference; lastKnownFileType = sourcecode.swift; path = MVVM_UeongTests.swift; sourceTree = "<group>"; };
		1FC52F9A2CA2CF73001A933B /* MVVM_UeongUITests.swift */ = {isa = PBXFileReference; lastKnownFileType = sourcecode.swift; path = MVVM_UeongUITests.swift; sourceTree = "<group>"; };
		1FC52F9C2CA2CF73001A933B /* MVVM_UeongUITestsLaunchTests.swift */ = {isa = PBXFileReference; lastKnownFileType = sourcecode.swift; path = MVVM_UeongUITestsLaunchTests.swift; sourceTree = "<group>"; };
		1FC52FAB2CA2DA55001A933B /* MainTabView.swift */ = {isa = PBXFileReference; lastKnownFileType = sourcecode.swift; path = MainTabView.swift; sourceTree = "<group>"; };
		1FC52FB12CA2DBDC001A933B /* PostsList.swift */ = {isa = PBXFileReference; lastKnownFileType = sourcecode.swift; path = PostsList.swift; sourceTree = "<group>"; };
		1FC52FB52CA2DBF9001A933B /* FavoritesList.swift */ = {isa = PBXFileReference; lastKnownFileType = sourcecode.swift; path = FavoritesList.swift; sourceTree = "<group>"; };
		1FC52FB92CA2DCA0001A933B /* PostsListViewModel.swift */ = {isa = PBXFileReference; lastKnownFileType = sourcecode.swift; path = PostsListViewModel.swift; sourceTree = "<group>"; };
		1FC52FBB2CA2DCC3001A933B /* ChatListViewModel.swift */ = {isa = PBXFileReference; lastKnownFileType = sourcecode.swift; path = ChatListViewModel.swift; sourceTree = "<group>"; };
		1FC52FBD2CA2DCD3001A933B /* FavoritesListViewModel.swift */ = {isa = PBXFileReference; lastKnownFileType = sourcecode.swift; path = FavoritesListViewModel.swift; sourceTree = "<group>"; };
		1FC52FC42CA2E4AF001A933B /* User.swift */ = {isa = PBXFileReference; lastKnownFileType = sourcecode.swift; path = User.swift; sourceTree = "<group>"; };
		1FC52FC62CA2E660001A933B /* Chat.swift */ = {isa = PBXFileReference; lastKnownFileType = sourcecode.swift; path = Chat.swift; sourceTree = "<group>"; };
		1FD1345E2CA4209100B48F6B /* MVVM_Ueong.app */ = {isa = PBXFileReference; explicitFileType = wrapper.application; includeInIndex = 0; path = MVVM_Ueong.app; sourceTree = BUILT_PRODUCTS_DIR; };
		1FD1345F2CA4209100B48F6B /* MVVM_UeongTests.xctest */ = {isa = PBXFileReference; explicitFileType = wrapper.cfbundle; includeInIndex = 0; path = MVVM_UeongTests.xctest; sourceTree = BUILT_PRODUCTS_DIR; };
		1FD134602CA4209100B48F6B /* MVVM_UeongUITests.xctest */ = {isa = PBXFileReference; explicitFileType = wrapper.cfbundle; includeInIndex = 0; path = MVVM_UeongUITests.xctest; sourceTree = BUILT_PRODUCTS_DIR; };
		1FD1346B2CA57F7400B48F6B /* example2.swift */ = {isa = PBXFileReference; lastKnownFileType = sourcecode.swift; path = example2.swift; sourceTree = "<group>"; };
		1FD1346D2CA588B000B48F6B /* SelectRegion.swift */ = {isa = PBXFileReference; lastKnownFileType = sourcecode.swift; path = SelectRegion.swift; sourceTree = "<group>"; };
		1FD1346F2CA594BB00B48F6B /* SearchBar.swift */ = {isa = PBXFileReference; lastKnownFileType = sourcecode.swift; path = SearchBar.swift; sourceTree = "<group>"; };
		1FD134712CA5980D00B48F6B /* SelectPostOption.swift */ = {isa = PBXFileReference; lastKnownFileType = sourcecode.swift; path = SelectPostOption.swift; sourceTree = "<group>"; };
/* End PBXFileReference section */

/* Begin PBXFrameworksBuildPhase section */
		1FC52F742CA2CF72001A933B /* Frameworks */ = {
			isa = PBXFrameworksBuildPhase;
			buildActionMask = 2147483647;
			files = (
				1F444F042CCD69E500824F43 /* SocketIO in Frameworks */,
			);
			runOnlyForDeploymentPostprocessing = 0;
		};
		1FC52F892CA2CF73001A933B /* Frameworks */ = {
			isa = PBXFrameworksBuildPhase;
			buildActionMask = 2147483647;
			files = (
			);
			runOnlyForDeploymentPostprocessing = 0;
		};
		1FC52F932CA2CF73001A933B /* Frameworks */ = {
			isa = PBXFrameworksBuildPhase;
			buildActionMask = 2147483647;
			files = (
			);
			runOnlyForDeploymentPostprocessing = 0;
		};
/* End PBXFrameworksBuildPhase section */

/* Begin PBXGroup section */
		0D45B7B72CA44CC600AA516F /* WritePost */ = {
			isa = PBXGroup;
			children = (
				0D45B7B82CA44CD400AA516F /* WritePostView.swift */,
				0D45B7BA2CA44CDC00AA516F /* WritePostViewModel.swift */,
			);
			path = WritePost;
			sourceTree = "<group>";
		};
		0D45B7C82CA573F200AA516F /* Network */ = {
			isa = PBXGroup;
			children = (
				0D45B7C92CA5745100AA516F /* APICall.swift */,
			);
			path = Network;
			sourceTree = "<group>";
		};
		0D45B7EC2CAD1B5600AA516F /* SearchPost */ = {
			isa = PBXGroup;
			children = (
				0D45B7EF2CAD1B8400AA516F /* SearchPostView.swift */,
				0D45B7F12CAD305100AA516F /* SearchPostViewModel.swift */,
			);
			path = SearchPost;
			sourceTree = "<group>";
		};
		0D89F2A12CB38BE6004C5AF1 /* SelectLocation */ = {
			isa = PBXGroup;
			children = (
				0D89F2A22CB38BE9004C5AF1 /* SelectLocationView.swift */,
				0D89F2A42CB38BF6004C5AF1 /* SelectLocationViewModel.swift */,
			);
			path = SelectLocation;
			sourceTree = "<group>";
		};
		0D89F2B52CBD0560004C5AF1 /* AddMyVillage */ = {
			isa = PBXGroup;
			children = (
				0D89F2B62CBD0567004C5AF1 /* AddMyVillageView.swift */,
				0D89F2B82CBD0576004C5AF1 /* AddMyVillageViewModel.swift */,
			);
			path = AddMyVillage;
			sourceTree = "<group>";
		};
		0DB693192CA3ED2000A3E3B7 /* Repositories */ = {
			isa = PBXGroup;
			children = (
				0D89F2C82CC28B36004C5AF1 /* MyVillageRepository.swift */,
				0D89F2972CB19896004C5AF1 /* FavoriteRepository.swift */,
				0D45B7F72CAD33F000AA516F /* HistoryRepostitory.swift */,
				0D45B7E32CAC145700AA516F /* CategoryRepository.swift */,
				0D45B7DF2CAC051900AA516F /* AddressRepository.swift */,
				0D45B7DD2CA82F4200AA516F /* PostRepository.swift */,
				0D45B7DB2CA81C7600AA516F /* PhotoRepository.swift */,
				0DB693382CA4122E00A3E3B7 /* UserRepository.swift */,
				0DB6932D2CA401F600A3E3B7 /* MessageRepository.swift */,
				0DB6931A2CA3ED4C00A3E3B7 /* ChatRepository.swift */,
			);
			path = Repositories;
			sourceTree = "<group>";
		};
		0DB6931C2CA3EF3F00A3E3B7 /* Utils */ = {
			isa = PBXGroup;
			children = (
				0D89F2912CB16876004C5AF1 /* URLExtension.swift */,
				0D89F28A2CB1680F004C5AF1 /* ColorExtension.swift */,
				0D89F2842CB16139004C5AF1 /* TimeFormatter.swift */,
				0D89F2822CB1580D004C5AF1 /* MoneyFormatter.swift */,
				0D89F27A2CAFFBE0004C5AF1 /* EncodableExtension.swift */,
				0D45B7D52CA80D1F00AA516F /* Constants.swift */,
			);
			path = Utils;
			sourceTree = "<group>";
		};
		0DB693282CA3F66400A3E3B7 /* Chat */ = {
			isa = PBXGroup;
			children = (
				0DB693262CA3F66400A3E3B7 /* ChatView.swift */,
				0DB693272CA3F66400A3E3B7 /* ChatViewModel.swift */,
			);
			path = Chat;
			sourceTree = "<group>";
		};
		0DB693312CA40E1D00A3E3B7 /* MyAccount */ = {
			isa = PBXGroup;
			children = (
				0DB693362CA40E4800A3E3B7 /* MyAccountView.swift */,
				0DB693342CA40E4000A3E3B7 /* MyAccountViewModel.swift */,
			);
			name = MyAccount;
			path = MVVM_Ueong/UI/Screens/MyAccount;
			sourceTree = SOURCE_ROOT;
		};
		0DB6933B2CA41B6900A3E3B7 /* AccountEdit */ = {
			isa = PBXGroup;
			children = (
				0DB6933C2CA41B7200A3E3B7 /* AccountEditView.swift */,
				0DB6933E2CA41B7F00A3E3B7 /* AccountEditViewModel.swift */,
			);
			name = AccountEdit;
			path = MVVM_Ueong/UI/Screens/AccountEdit;
			sourceTree = SOURCE_ROOT;
		};
		0DB693472CA42A8100A3E3B7 /* SalesList */ = {
			isa = PBXGroup;
			children = (
				0DB693452CA42A8100A3E3B7 /* SalesListView.swift */,
				0DB693462CA42A8100A3E3B7 /* SalesListViewModel.swift */,
			);
			path = SalesList;
			sourceTree = "<group>";
		};
		1F33DC082CAF8B5200A039DA /* Service */ = {
			isa = PBXGroup;
			children = (
				0D89F2B32CBBBA4D004C5AF1 /* ViewStateService.swift */,
				0D89F2AF2CBBB512004C5AF1 /* PostService.swift */,
				1F33DC092CAF8BBB00A039DA /* Socket.swift */,
			);
			path = Service;
			sourceTree = "<group>";
		};
		1F444F0F2CCD8D2F00824F43 /* Resources */ = {
			isa = PBXGroup;
			children = (
				1F444F052CCD8D2F00824F43 /* ScanPasses-iPad-FixedHeight-1.mp4 */,
				1F444F062CCD8D2F00824F43 /* ScanPasses-iPad-FixedHeight-2.mp4 */,
				1F444F072CCD8D2F00824F43 /* ScanPasses-iPad-FixedHeight-3.mp4 */,
				1F444F082CCD8D2F00824F43 /* ScanPasses-iPad-FixedHeight-unflippable-high.mp4 */,
				1F444F092CCD8D2F00824F43 /* ScanPasses-iPad-FixedHeight-unflippable-low.mp4 */,
				1F444F0A2CCD8D2F00824F43 /* ScanPasses-iPhone-FixedHeight-1.mp4 */,
				1F444F0B2CCD8D2F00824F43 /* ScanPasses-iPhone-FixedHeight-2.mp4 */,
				1F444F0C2CCD8D2F00824F43 /* ScanPasses-iPhone-FixedHeight-3.mp4 */,
				1F444F0D2CCD8D2F00824F43 /* ScanPasses-iPhone-FixedHeight-unflippable-high.mp4 */,
				1F444F0E2CCD8D2F00824F43 /* ScanPasses-iPhone-FixedHeight-unflippable-low.mp4 */,
			);
			path = Resources;
			sourceTree = "<group>";
		};
		1F444F2B2CCD8D2F00824F43 /* ARCapture */ = {
			isa = PBXGroup;
			children = (
				1F444F0F2CCD8D2F00824F43 /* Resources */,
				1F444F102CCD8D2F00824F43 /* AppDataModel.swift */,
				1F444F112CCD8D2F00824F43 /* AppDataModel+Orbit.swift */,
				1F444F122CCD8D2F00824F43 /* AppDataModel+State.swift */,
				1F444F132CCD8D2F00824F43 /* CaptureFolderManager.swift */,
				1F444F142CCD8D2F00824F43 /* CaptureOverlayView.swift */,
				1F444F152CCD8D2F00824F43 /* CaptureOverlayView+Buttons.swift */,
				1F444F162CCD8D2F00824F43 /* CaptureOverlayView+LocalizedString.swift */,
				1F444F172CCD8D2F00824F43 /* CapturePrimaryView.swift */,
				1F444F182CCD8D2F00824F43 /* FeedbackMessages.swift */,
				1F444F192CCD8D2F00824F43 /* FeedbackView.swift */,
				1F444F1A2CCD8D2F00824F43 /* HelpPageView.swift */,
				1F444F1B2CCD8D2F00824F43 /* MainCaptureView.swift */,
				1F444F1C2CCD8D2F00824F43 /* mock.swift */,
				1F444F1D2CCD8D2F00824F43 /* ModelView.swift */,
				1F444F1E2CCD8D2F00824F43 /* OnboardingButtonView.swift */,
				1F444F1F2CCD8D2F00824F43 /* OnboardingButtonView+LocalizedString.swift */,
				1F444F202CCD8D2F00824F43 /* OnboardingStateMachine.swift */,
				1F444F212CCD8D2F00824F43 /* OnboardingTutorialView.swift */,
				1F444F222CCD8D2F00824F43 /* OnboardingTutorialView+LocalizedString.swift */,
				1F444F232CCD8D2F00824F43 /* OnboardingView.swift */,
				1F444F242CCD8D2F00824F43 /* PlayerView.swift */,
				1F444F252CCD8D2F00824F43 /* ProgressBarView.swift */,
				1F444F262CCD8D2F00824F43 /* ReconstructionPrimaryView.swift */,
				1F444F272CCD8D2F00824F43 /* ShotFileInfo.swift */,
				1F444F282CCD8D2F00824F43 /* TimedMessageList.swift */,
				1F444F292CCD8D2F00824F43 /* TutorialVideoView.swift */,
				1F444F2A2CCD8D2F00824F43 /* UntilProcessingCompleteFilter.swift */,
			);
			path = ARCapture;
			sourceTree = "<group>";
		};
		1F53E2B62CA9B9B50071A8C8 /* Frameworks */ = {
			isa = PBXGroup;
			children = (
			);
			name = Frameworks;
			sourceTree = "<group>";
		};
		1F53E2BA2CAD131A0071A8C8 /* System */ = {
			isa = PBXGroup;
			children = (
				1F53E2BB2CAD13350071A8C8 /* AppDelegate.swift */,
			);
			path = System;
			sourceTree = "<group>";
		};
		1F691BB52CA3CD100076E8A8 /* PostDetail */ = {
			isa = PBXGroup;
			children = (
				1F691BB62CA3CE500076E8A8 /* PostDetail.swift */,
				1F691BB82CA3CE660076E8A8 /* PostDetailViewModel.swift */,
			);
			path = PostDetail;
			sourceTree = "<group>";
		};
		1F8C12182CA3E72900A33802 /* Component */ = {
			isa = PBXGroup;
			children = (
				0D89F2882CB166F1004C5AF1 /* ImagePicker.swift */,
				1F8C121E2CA4071F00A33802 /* PostRow.swift */,
				1FD1346D2CA588B000B48F6B /* SelectRegion.swift */,
				1FD1346F2CA594BB00B48F6B /* SearchBar.swift */,
				1FD134712CA5980D00B48F6B /* SelectPostOption.swift */,
			);
			path = Component;
			sourceTree = "<group>";
		};
		1FC52F6E2CA2CF72001A933B = {
			isa = PBXGroup;
			children = (
				1FC52F792CA2CF72001A933B /* MVVM_Ueong */,
				1FC52F8F2CA2CF73001A933B /* MVVM_UeongTests */,
				1FC52F992CA2CF73001A933B /* MVVM_UeongUITests */,
				1FD1345E2CA4209100B48F6B /* MVVM_Ueong.app */,
				1FD1345F2CA4209100B48F6B /* MVVM_UeongTests.xctest */,
				1FD134602CA4209100B48F6B /* MVVM_UeongUITests.xctest */,
				1F53E2B62CA9B9B50071A8C8 /* Frameworks */,
			);
			sourceTree = "<group>";
		};
		1FC52F792CA2CF72001A933B /* MVVM_Ueong */ = {
			isa = PBXGroup;
			children = (
				0D89F2CA2CCC78A8004C5AF1 /* MVVM-Ueong-Info.plist */,
				1F53E2BA2CAD131A0071A8C8 /* System */,
				0D45B7C82CA573F200AA516F /* Network */,
				1F33DC082CAF8B5200A039DA /* Service */,
				0DB6931C2CA3EF3F00A3E3B7 /* Utils */,
				0DB693192CA3ED2000A3E3B7 /* Repositories */,
				1FC52FC12CA2DE5C001A933B /* Models */,
				1FC52FA92CA2CFCD001A933B /* UI */,
				1F444F2B2CCD8D2F00824F43 /* ARCapture */,
				1F8C121C2CA3FDCB00A33802 /* example.swift */,
				1FD1346B2CA57F7400B48F6B /* example2.swift */,
				1FC52F7A2CA2CF72001A933B /* MVVM_UeongApp.swift */,
				1FC52F832CA2CF73001A933B /* Persistence.swift */,
				1FC52F852CA2CF73001A933B /* MVVM_Ueong.xcdatamodeld */,
				1FC52F7E2CA2CF73001A933B /* Assets.xcassets */,
				1FC52F802CA2CF73001A933B /* Preview Content */,
			);
			path = MVVM_Ueong;
			sourceTree = "<group>";
		};
		1FC52F802CA2CF73001A933B /* Preview Content */ = {
			isa = PBXGroup;
			children = (
				1FC52F812CA2CF73001A933B /* Preview Assets.xcassets */,
			);
			path = "Preview Content";
			sourceTree = "<group>";
		};
		1FC52F8F2CA2CF73001A933B /* MVVM_UeongTests */ = {
			isa = PBXGroup;
			children = (
				1FC52F902CA2CF73001A933B /* MVVM_UeongTests.swift */,
			);
			path = MVVM_UeongTests;
			sourceTree = "<group>";
		};
		1FC52F992CA2CF73001A933B /* MVVM_UeongUITests */ = {
			isa = PBXGroup;
			children = (
				1FC52F9A2CA2CF73001A933B /* MVVM_UeongUITests.swift */,
				1FC52F9C2CA2CF73001A933B /* MVVM_UeongUITestsLaunchTests.swift */,
			);
			path = MVVM_UeongUITests;
			sourceTree = "<group>";
		};
		1FC52FA92CA2CFCD001A933B /* UI */ = {
			isa = PBXGroup;
			children = (
				1F8C12182CA3E72900A33802 /* Component */,
				1FC52FAA2CA2CFE4001A933B /* Screens */,
			);
			path = UI;
			sourceTree = "<group>";
		};
		1FC52FAA2CA2CFE4001A933B /* Screens */ = {
			isa = PBXGroup;
			children = (
				0D89F2B52CBD0560004C5AF1 /* AddMyVillage */,
				0D89F2A12CB38BE6004C5AF1 /* SelectLocation */,
				0D45B7EC2CAD1B5600AA516F /* SearchPost */,
				1FC52F7C2CA2CF72001A933B /* ContentView.swift */,
				1FC52FAB2CA2DA55001A933B /* MainTabView.swift */,
				0D45B7B72CA44CC600AA516F /* WritePost */,
				0DB693472CA42A8100A3E3B7 /* SalesList */,
				0DB6933B2CA41B6900A3E3B7 /* AccountEdit */,
				1FC52FAD2CA2DAC3001A933B /* PostsList */,
				1F691BB52CA3CD100076E8A8 /* PostDetail */,
				1FC52FAE2CA2DB1D001A933B /* ChatList */,
				0DB693282CA3F66400A3E3B7 /* Chat */,
				0DB693312CA40E1D00A3E3B7 /* MyAccount */,
				1FC52FAF2CA2DB42001A933B /* FavoritesList */,
			);
			path = Screens;
			sourceTree = "<group>";
		};
		1FC52FAD2CA2DAC3001A933B /* PostsList */ = {
			isa = PBXGroup;
			children = (
				1FC52FB12CA2DBDC001A933B /* PostsList.swift */,
				1FC52FB92CA2DCA0001A933B /* PostsListViewModel.swift */,
			);
			path = PostsList;
			sourceTree = "<group>";
		};
		1FC52FAE2CA2DB1D001A933B /* ChatList */ = {
			isa = PBXGroup;
			children = (
				0DB6931F2CA3F51900A3E3B7 /* ChatListView.swift */,
				1FC52FBB2CA2DCC3001A933B /* ChatListViewModel.swift */,
			);
			path = ChatList;
			sourceTree = "<group>";
		};
		1FC52FAF2CA2DB42001A933B /* FavoritesList */ = {
			isa = PBXGroup;
			children = (
				1FC52FB52CA2DBF9001A933B /* FavoritesList.swift */,
				1FC52FBD2CA2DCD3001A933B /* FavoritesListViewModel.swift */,
			);
			path = FavoritesList;
			sourceTree = "<group>";
		};
		1FC52FC12CA2DE5C001A933B /* Models */ = {
			isa = PBXGroup;
			children = (
				0D89F2782CAFF701004C5AF1 /* Response.swift */,
				0D45B7F52CAD33DC00AA516F /* History.swift */,
				0D89F2AC2CB391C8004C5AF1 /* Emd.swift */,
				0D45B7CF2CA6C58100AA516F /* Post.swift */,
				0DB6932B2CA3FC1B00A3E3B7 /* Message.swift */,
				1FC52FC42CA2E4AF001A933B /* User.swift */,
				1FC52FC62CA2E660001A933B /* Chat.swift */,
				0D45B7D32CA6C8B000AA516F /* Photo.swift */,
			);
			path = Models;
			sourceTree = "<group>";
		};
/* End PBXGroup section */

/* Begin PBXNativeTarget section */
		1FC52F762CA2CF72001A933B /* MVVM_Ueong */ = {
			isa = PBXNativeTarget;
			buildConfigurationList = 1FC52FA02CA2CF73001A933B /* Build configuration list for PBXNativeTarget "MVVM_Ueong" */;
			buildPhases = (
				1FC52F732CA2CF72001A933B /* Sources */,
				1FC52F742CA2CF72001A933B /* Frameworks */,
				1FC52F752CA2CF72001A933B /* Resources */,
			);
			buildRules = (
			);
			dependencies = (
			);
			name = MVVM_Ueong;
			packageProductDependencies = (
				1F444F032CCD69E500824F43 /* SocketIO */,
			);
			productName = MVVM_Ueong;
			productReference = 1FD1345E2CA4209100B48F6B /* MVVM_Ueong.app */;
			productType = "com.apple.product-type.application";
		};
		1FC52F8B2CA2CF73001A933B /* MVVM_UeongTests */ = {
			isa = PBXNativeTarget;
			buildConfigurationList = 1FC52FA32CA2CF73001A933B /* Build configuration list for PBXNativeTarget "MVVM_UeongTests" */;
			buildPhases = (
				1FC52F882CA2CF73001A933B /* Sources */,
				1FC52F892CA2CF73001A933B /* Frameworks */,
				1FC52F8A2CA2CF73001A933B /* Resources */,
			);
			buildRules = (
			);
			dependencies = (
				1FC52F8E2CA2CF73001A933B /* PBXTargetDependency */,
			);
			name = MVVM_UeongTests;
			productName = MVVM_UeongTests;
			productReference = 1FD1345F2CA4209100B48F6B /* MVVM_UeongTests.xctest */;
			productType = "com.apple.product-type.bundle.unit-test";
		};
		1FC52F952CA2CF73001A933B /* MVVM_UeongUITests */ = {
			isa = PBXNativeTarget;
			buildConfigurationList = 1FC52FA62CA2CF73001A933B /* Build configuration list for PBXNativeTarget "MVVM_UeongUITests" */;
			buildPhases = (
				1FC52F922CA2CF73001A933B /* Sources */,
				1FC52F932CA2CF73001A933B /* Frameworks */,
				1FC52F942CA2CF73001A933B /* Resources */,
			);
			buildRules = (
			);
			dependencies = (
				1FC52F982CA2CF73001A933B /* PBXTargetDependency */,
			);
			name = MVVM_UeongUITests;
			productName = MVVM_UeongUITests;
			productReference = 1FD134602CA4209100B48F6B /* MVVM_UeongUITests.xctest */;
			productType = "com.apple.product-type.bundle.ui-testing";
		};
/* End PBXNativeTarget section */

/* Begin PBXProject section */
		1FC52F6F2CA2CF72001A933B /* Project object */ = {
			isa = PBXProject;
			attributes = {
				BuildIndependentTargetsInParallel = 1;
				LastSwiftUpdateCheck = 1540;
				LastUpgradeCheck = 1540;
				TargetAttributes = {
					1FC52F762CA2CF72001A933B = {
						CreatedOnToolsVersion = 15.4;
					};
					1FC52F8B2CA2CF73001A933B = {
						CreatedOnToolsVersion = 15.4;
						TestTargetID = 1FC52F762CA2CF72001A933B;
					};
					1FC52F952CA2CF73001A933B = {
						CreatedOnToolsVersion = 15.4;
						TestTargetID = 1FC52F762CA2CF72001A933B;
					};
				};
			};
			buildConfigurationList = 1FC52F722CA2CF72001A933B /* Build configuration list for PBXProject "MVVM_Ueong" */;
			compatibilityVersion = "Xcode 14.0";
			developmentRegion = en;
			hasScannedForEncodings = 0;
			knownRegions = (
				en,
				Base,
			);
			mainGroup = 1FC52F6E2CA2CF72001A933B;
			packageReferences = (
				1F53E2C72CAD506E0071A8C8 /* XCRemoteSwiftPackageReference "socket" */,
			);
			productRefGroup = 1FC52F6E2CA2CF72001A933B;
			projectDirPath = "";
			projectRoot = "";
			targets = (
				1FC52F762CA2CF72001A933B /* MVVM_Ueong */,
				1FC52F8B2CA2CF73001A933B /* MVVM_UeongTests */,
				1FC52F952CA2CF73001A933B /* MVVM_UeongUITests */,
			);
		};
/* End PBXProject section */

/* Begin PBXResourcesBuildPhase section */
		1FC52F752CA2CF72001A933B /* Resources */ = {
			isa = PBXResourcesBuildPhase;
			buildActionMask = 2147483647;
			files = (
				1F444F352CCD8D2F00824F43 /* ScanPasses-iPhone-FixedHeight-unflippable-low.mp4 in Resources */,
				1F444F2F2CCD8D2F00824F43 /* ScanPasses-iPad-FixedHeight-unflippable-high.mp4 in Resources */,
				1F444F2D2CCD8D2F00824F43 /* ScanPasses-iPad-FixedHeight-2.mp4 in Resources */,
				1F444F312CCD8D2F00824F43 /* ScanPasses-iPhone-FixedHeight-1.mp4 in Resources */,
				1FC52F822CA2CF73001A933B /* Preview Assets.xcassets in Resources */,
				1F444F322CCD8D2F00824F43 /* ScanPasses-iPhone-FixedHeight-2.mp4 in Resources */,
				1F444F2C2CCD8D2F00824F43 /* ScanPasses-iPad-FixedHeight-1.mp4 in Resources */,
				1F444F302CCD8D2F00824F43 /* ScanPasses-iPad-FixedHeight-unflippable-low.mp4 in Resources */,
				1FC52F7F2CA2CF73001A933B /* Assets.xcassets in Resources */,
				1F444F342CCD8D2F00824F43 /* ScanPasses-iPhone-FixedHeight-unflippable-high.mp4 in Resources */,
				1F444F332CCD8D2F00824F43 /* ScanPasses-iPhone-FixedHeight-3.mp4 in Resources */,
				1F444F2E2CCD8D2F00824F43 /* ScanPasses-iPad-FixedHeight-3.mp4 in Resources */,
			);
			runOnlyForDeploymentPostprocessing = 0;
		};
		1FC52F8A2CA2CF73001A933B /* Resources */ = {
			isa = PBXResourcesBuildPhase;
			buildActionMask = 2147483647;
			files = (
			);
			runOnlyForDeploymentPostprocessing = 0;
		};
		1FC52F942CA2CF73001A933B /* Resources */ = {
			isa = PBXResourcesBuildPhase;
			buildActionMask = 2147483647;
			files = (
			);
			runOnlyForDeploymentPostprocessing = 0;
		};
/* End PBXResourcesBuildPhase section */

/* Begin PBXSourcesBuildPhase section */
		1FC52F732CA2CF72001A933B /* Sources */ = {
			isa = PBXSourcesBuildPhase;
			buildActionMask = 2147483647;
			files = (
				0D45B7D42CA6C8B000AA516F /* Photo.swift in Sources */,
				1F444F4F2CCD8D2F00824F43 /* TutorialVideoView.swift in Sources */,
				1F444F372CCD8D2F00824F43 /* AppDataModel+Orbit.swift in Sources */,
				1FD134702CA594BB00B48F6B /* SearchBar.swift in Sources */,
				1F444F4C2CCD8D2F00824F43 /* ReconstructionPrimaryView.swift in Sources */,
				0DB693482CA42A8100A3E3B7 /* SalesListView.swift in Sources */,
				0D45B7D02CA6C58100AA516F /* Post.swift in Sources */,
				0DB693492CA42A8100A3E3B7 /* SalesListViewModel.swift in Sources */,
				0D89F2A32CB38BF3004C5AF1 /* SelectLocationView.swift in Sources */,
				0D89F2922CB16880004C5AF1 /* URLExtension.swift in Sources */,
				1F8C121D2CA3FDCB00A33802 /* example.swift in Sources */,
				1FC52F842CA2CF73001A933B /* Persistence.swift in Sources */,
				0D89F2A52CB38BFE004C5AF1 /* SelectLocationViewModel.swift in Sources */,
				1F444F382CCD8D2F00824F43 /* AppDataModel+State.swift in Sources */,
				0D89F2832CB15814004C5AF1 /* MoneyFormatter.swift in Sources */,
				1FC52F7D2CA2CF72001A933B /* ContentView.swift in Sources */,
				1F444F482CCD8D2F00824F43 /* OnboardingTutorialView+LocalizedString.swift in Sources */,
				0D45B7E02CAC051E00AA516F /* AddressRepository.swift in Sources */,
				1FC52F872CA2CF73001A933B /* MVVM_Ueong.xcdatamodeld in Sources */,
				0D45B7F62CAD33EB00AA516F /* History.swift in Sources */,
				1F444F362CCD8D2F00824F43 /* AppDataModel.swift in Sources */,
				0D45B7D62CA80D2300AA516F /* Constants.swift in Sources */,
				0D89F2852CB1613F004C5AF1 /* TimeFormatter.swift in Sources */,
				0D89F2C92CC28B3B004C5AF1 /* MyVillageRepository.swift in Sources */,
				0DB693392CA4123300A3E3B7 /* UserRepository.swift in Sources */,
				1F444F3A2CCD8D2F00824F43 /* CaptureOverlayView.swift in Sources */,
				0D45B7F02CAD1B8400AA516F /* SearchPostView.swift in Sources */,
				1F444F472CCD8D2F00824F43 /* OnboardingTutorialView.swift in Sources */,
				1F444F452CCD8D2F00824F43 /* OnboardingButtonView+LocalizedString.swift in Sources */,
				0DB693292CA3F66400A3E3B7 /* ChatViewModel.swift in Sources */,
				0DB6932A2CA3F66400A3E3B7 /* ChatView.swift in Sources */,
				1F33DC0A2CAF8BBB00A039DA /* Socket.swift in Sources */,
				1FC52FBC2CA2DCC3001A933B /* ChatListViewModel.swift in Sources */,
				1F444F4D2CCD8D2F00824F43 /* ShotFileInfo.swift in Sources */,
				1F8C121F2CA4071F00A33802 /* PostRow.swift in Sources */,
				1F444F412CCD8D2F00824F43 /* MainCaptureView.swift in Sources */,
				1F444F3C2CCD8D2F00824F43 /* CaptureOverlayView+LocalizedString.swift in Sources */,
				1F444F442CCD8D2F00824F43 /* OnboardingButtonView.swift in Sources */,
				1F444F3D2CCD8D2F00824F43 /* CapturePrimaryView.swift in Sources */,
				0D89F2B92CBD057C004C5AF1 /* AddMyVillageViewModel.swift in Sources */,
				1F444F432CCD8D2F00824F43 /* ModelView.swift in Sources */,
				0D45B7CA2CA5745500AA516F /* APICall.swift in Sources */,
				1FC52FC72CA2E660001A933B /* Chat.swift in Sources */,
				1F444F462CCD8D2F00824F43 /* OnboardingStateMachine.swift in Sources */,
				1F444F4A2CCD8D2F00824F43 /* PlayerView.swift in Sources */,
				1F444F3E2CCD8D2F00824F43 /* FeedbackMessages.swift in Sources */,
				1FC52FBA2CA2DCA0001A933B /* PostsListViewModel.swift in Sources */,
				0D45B7F82CAD33F800AA516F /* HistoryRepostitory.swift in Sources */,
				0DB693352CA40E4000A3E3B7 /* MyAccountViewModel.swift in Sources */,
				1FC52F7B2CA2CF72001A933B /* MVVM_UeongApp.swift in Sources */,
				1FC52FB62CA2DBF9001A933B /* FavoritesList.swift in Sources */,
				0D89F2B72CBD0570004C5AF1 /* AddMyVillageView.swift in Sources */,
				1F444F3F2CCD8D2F00824F43 /* FeedbackView.swift in Sources */,
				0D89F2B02CBBB517004C5AF1 /* PostService.swift in Sources */,
				1F53E2BC2CAD13360071A8C8 /* AppDelegate.swift in Sources */,
				0DB693202CA3F51900A3E3B7 /* ChatListView.swift in Sources */,
				0D89F2792CAFF709004C5AF1 /* Response.swift in Sources */,
				0D45B7F22CAD305800AA516F /* SearchPostViewModel.swift in Sources */,
				1FD1346E2CA588B000B48F6B /* SelectRegion.swift in Sources */,
				0D45B7B92CA44CD800AA516F /* WritePostView.swift in Sources */,
				1F691BB72CA3CE500076E8A8 /* PostDetail.swift in Sources */,
				1FC52FC52CA2E4AF001A933B /* User.swift in Sources */,
				0D89F28B2CB16814004C5AF1 /* ColorExtension.swift in Sources */,
				1F444F392CCD8D2F00824F43 /* CaptureFolderManager.swift in Sources */,
				1F444F3B2CCD8D2F00824F43 /* CaptureOverlayView+Buttons.swift in Sources */,
				0D45B7DC2CA81C7B00AA516F /* PhotoRepository.swift in Sources */,
				1FC52FAC2CA2DA55001A933B /* MainTabView.swift in Sources */,
				1F691BB92CA3CE660076E8A8 /* PostDetailViewModel.swift in Sources */,
				0DB6933F2CA41B8400A3E3B7 /* AccountEditViewModel.swift in Sources */,
				0D45B7E42CAC146000AA516F /* CategoryRepository.swift in Sources */,
				1F444F502CCD8D2F00824F43 /* UntilProcessingCompleteFilter.swift in Sources */,
				0D89F2892CB166F5004C5AF1 /* ImagePicker.swift in Sources */,
				0D89F2B42CBBBA54004C5AF1 /* ViewStateService.swift in Sources */,
				0D89F2982CB1989B004C5AF1 /* FavoriteRepository.swift in Sources */,
				0D45B7DE2CA82F4500AA516F /* PostRepository.swift in Sources */,
				0D89F27B2CAFFBE7004C5AF1 /* EncodableExtension.swift in Sources */,
				0DB6932C2CA3FC2000A3E3B7 /* Message.swift in Sources */,
				1FC52FBE2CA2DCD3001A933B /* FavoritesListViewModel.swift in Sources */,
				1FC52FB22CA2DBDC001A933B /* PostsList.swift in Sources */,
				1F444F4E2CCD8D2F00824F43 /* TimedMessageList.swift in Sources */,
				1FD134722CA5980D00B48F6B /* SelectPostOption.swift in Sources */,
				1F444F4B2CCD8D2F00824F43 /* ProgressBarView.swift in Sources */,
				0DB6931B2CA3ED5800A3E3B7 /* ChatRepository.swift in Sources */,
				0D89F2AD2CB391CB004C5AF1 /* Emd.swift in Sources */,
				0D45B7BB2CA44CE000AA516F /* WritePostViewModel.swift in Sources */,
				1FD1346C2CA57F7400B48F6B /* example2.swift in Sources */,
				1F444F422CCD8D2F00824F43 /* mock.swift in Sources */,
				0DB693372CA40E4800A3E3B7 /* MyAccountView.swift in Sources */,
				0DB6933D2CA41B7700A3E3B7 /* AccountEditView.swift in Sources */,
				1F444F402CCD8D2F00824F43 /* HelpPageView.swift in Sources */,
				1F444F492CCD8D2F00824F43 /* OnboardingView.swift in Sources */,
				0DB6932E2CA401FD00A3E3B7 /* MessageRepository.swift in Sources */,
			);
			runOnlyForDeploymentPostprocessing = 0;
		};
		1FC52F882CA2CF73001A933B /* Sources */ = {
			isa = PBXSourcesBuildPhase;
			buildActionMask = 2147483647;
			files = (
				1FC52F912CA2CF73001A933B /* MVVM_UeongTests.swift in Sources */,
			);
			runOnlyForDeploymentPostprocessing = 0;
		};
		1FC52F922CA2CF73001A933B /* Sources */ = {
			isa = PBXSourcesBuildPhase;
			buildActionMask = 2147483647;
			files = (
				1FC52F9B2CA2CF73001A933B /* MVVM_UeongUITests.swift in Sources */,
				1FC52F9D2CA2CF73001A933B /* MVVM_UeongUITestsLaunchTests.swift in Sources */,
			);
			runOnlyForDeploymentPostprocessing = 0;
		};
/* End PBXSourcesBuildPhase section */

/* Begin PBXTargetDependency section */
		1FC52F8E2CA2CF73001A933B /* PBXTargetDependency */ = {
			isa = PBXTargetDependency;
			target = 1FC52F762CA2CF72001A933B /* MVVM_Ueong */;
			targetProxy = 1FC52F8D2CA2CF73001A933B /* PBXContainerItemProxy */;
		};
		1FC52F982CA2CF73001A933B /* PBXTargetDependency */ = {
			isa = PBXTargetDependency;
			target = 1FC52F762CA2CF72001A933B /* MVVM_Ueong */;
			targetProxy = 1FC52F972CA2CF73001A933B /* PBXContainerItemProxy */;
		};
/* End PBXTargetDependency section */

/* Begin XCBuildConfiguration section */
		1FC52F9E2CA2CF73001A933B /* Debug */ = {
			isa = XCBuildConfiguration;
			buildSettings = {
				ALWAYS_SEARCH_USER_PATHS = NO;
				ASSETCATALOG_COMPILER_GENERATE_SWIFT_ASSET_SYMBOL_EXTENSIONS = YES;
				CLANG_ANALYZER_NONNULL = YES;
				CLANG_ANALYZER_NUMBER_OBJECT_CONVERSION = YES_AGGRESSIVE;
				CLANG_CXX_LANGUAGE_STANDARD = "gnu++20";
				CLANG_ENABLE_MODULES = YES;
				CLANG_ENABLE_OBJC_ARC = YES;
				CLANG_ENABLE_OBJC_WEAK = YES;
				CLANG_WARN_BLOCK_CAPTURE_AUTORELEASING = YES;
				CLANG_WARN_BOOL_CONVERSION = YES;
				CLANG_WARN_COMMA = YES;
				CLANG_WARN_CONSTANT_CONVERSION = YES;
				CLANG_WARN_DEPRECATED_OBJC_IMPLEMENTATIONS = YES;
				CLANG_WARN_DIRECT_OBJC_ISA_USAGE = YES_ERROR;
				CLANG_WARN_DOCUMENTATION_COMMENTS = YES;
				CLANG_WARN_EMPTY_BODY = YES;
				CLANG_WARN_ENUM_CONVERSION = YES;
				CLANG_WARN_INFINITE_RECURSION = YES;
				CLANG_WARN_INT_CONVERSION = YES;
				CLANG_WARN_NON_LITERAL_NULL_CONVERSION = YES;
				CLANG_WARN_OBJC_IMPLICIT_RETAIN_SELF = YES;
				CLANG_WARN_OBJC_LITERAL_CONVERSION = YES;
				CLANG_WARN_OBJC_ROOT_CLASS = YES_ERROR;
				CLANG_WARN_QUOTED_INCLUDE_IN_FRAMEWORK_HEADER = YES;
				CLANG_WARN_RANGE_LOOP_ANALYSIS = YES;
				CLANG_WARN_STRICT_PROTOTYPES = YES;
				CLANG_WARN_SUSPICIOUS_MOVE = YES;
				CLANG_WARN_UNGUARDED_AVAILABILITY = YES_AGGRESSIVE;
				CLANG_WARN_UNREACHABLE_CODE = YES;
				CLANG_WARN__DUPLICATE_METHOD_MATCH = YES;
				COPY_PHASE_STRIP = NO;
				DEBUG_INFORMATION_FORMAT = dwarf;
				ENABLE_STRICT_OBJC_MSGSEND = YES;
				ENABLE_TESTABILITY = YES;
				ENABLE_USER_SCRIPT_SANDBOXING = YES;
				GCC_C_LANGUAGE_STANDARD = gnu17;
				GCC_DYNAMIC_NO_PIC = NO;
				GCC_NO_COMMON_BLOCKS = YES;
				GCC_OPTIMIZATION_LEVEL = 0;
				GCC_PREPROCESSOR_DEFINITIONS = (
					"DEBUG=1",
					"$(inherited)",
				);
				GCC_WARN_64_TO_32_BIT_CONVERSION = YES;
				GCC_WARN_ABOUT_RETURN_TYPE = YES_ERROR;
				GCC_WARN_UNDECLARED_SELECTOR = YES;
				GCC_WARN_UNINITIALIZED_AUTOS = YES_AGGRESSIVE;
				GCC_WARN_UNUSED_FUNCTION = YES;
				GCC_WARN_UNUSED_VARIABLE = YES;
				IPHONEOS_DEPLOYMENT_TARGET = 17.5;
				LOCALIZATION_PREFERS_STRING_CATALOGS = YES;
				MTL_ENABLE_DEBUG_INFO = INCLUDE_SOURCE;
				MTL_FAST_MATH = YES;
				ONLY_ACTIVE_ARCH = YES;
				SDKROOT = iphoneos;
				SWIFT_ACTIVE_COMPILATION_CONDITIONS = "DEBUG $(inherited)";
				SWIFT_OPTIMIZATION_LEVEL = "-Onone";
			};
			name = Debug;
		};
		1FC52F9F2CA2CF73001A933B /* Release */ = {
			isa = XCBuildConfiguration;
			buildSettings = {
				ALWAYS_SEARCH_USER_PATHS = NO;
				ASSETCATALOG_COMPILER_GENERATE_SWIFT_ASSET_SYMBOL_EXTENSIONS = YES;
				CLANG_ANALYZER_NONNULL = YES;
				CLANG_ANALYZER_NUMBER_OBJECT_CONVERSION = YES_AGGRESSIVE;
				CLANG_CXX_LANGUAGE_STANDARD = "gnu++20";
				CLANG_ENABLE_MODULES = YES;
				CLANG_ENABLE_OBJC_ARC = YES;
				CLANG_ENABLE_OBJC_WEAK = YES;
				CLANG_WARN_BLOCK_CAPTURE_AUTORELEASING = YES;
				CLANG_WARN_BOOL_CONVERSION = YES;
				CLANG_WARN_COMMA = YES;
				CLANG_WARN_CONSTANT_CONVERSION = YES;
				CLANG_WARN_DEPRECATED_OBJC_IMPLEMENTATIONS = YES;
				CLANG_WARN_DIRECT_OBJC_ISA_USAGE = YES_ERROR;
				CLANG_WARN_DOCUMENTATION_COMMENTS = YES;
				CLANG_WARN_EMPTY_BODY = YES;
				CLANG_WARN_ENUM_CONVERSION = YES;
				CLANG_WARN_INFINITE_RECURSION = YES;
				CLANG_WARN_INT_CONVERSION = YES;
				CLANG_WARN_NON_LITERAL_NULL_CONVERSION = YES;
				CLANG_WARN_OBJC_IMPLICIT_RETAIN_SELF = YES;
				CLANG_WARN_OBJC_LITERAL_CONVERSION = YES;
				CLANG_WARN_OBJC_ROOT_CLASS = YES_ERROR;
				CLANG_WARN_QUOTED_INCLUDE_IN_FRAMEWORK_HEADER = YES;
				CLANG_WARN_RANGE_LOOP_ANALYSIS = YES;
				CLANG_WARN_STRICT_PROTOTYPES = YES;
				CLANG_WARN_SUSPICIOUS_MOVE = YES;
				CLANG_WARN_UNGUARDED_AVAILABILITY = YES_AGGRESSIVE;
				CLANG_WARN_UNREACHABLE_CODE = YES;
				CLANG_WARN__DUPLICATE_METHOD_MATCH = YES;
				COPY_PHASE_STRIP = NO;
				DEBUG_INFORMATION_FORMAT = "dwarf-with-dsym";
				ENABLE_NS_ASSERTIONS = NO;
				ENABLE_STRICT_OBJC_MSGSEND = YES;
				ENABLE_USER_SCRIPT_SANDBOXING = YES;
				GCC_C_LANGUAGE_STANDARD = gnu17;
				GCC_NO_COMMON_BLOCKS = YES;
				GCC_WARN_64_TO_32_BIT_CONVERSION = YES;
				GCC_WARN_ABOUT_RETURN_TYPE = YES_ERROR;
				GCC_WARN_UNDECLARED_SELECTOR = YES;
				GCC_WARN_UNINITIALIZED_AUTOS = YES_AGGRESSIVE;
				GCC_WARN_UNUSED_FUNCTION = YES;
				GCC_WARN_UNUSED_VARIABLE = YES;
				IPHONEOS_DEPLOYMENT_TARGET = 17.5;
				LOCALIZATION_PREFERS_STRING_CATALOGS = YES;
				MTL_ENABLE_DEBUG_INFO = NO;
				MTL_FAST_MATH = YES;
				SDKROOT = iphoneos;
				SWIFT_COMPILATION_MODE = wholemodule;
				VALIDATE_PRODUCT = YES;
			};
			name = Release;
		};
		1FC52FA12CA2CF73001A933B /* Debug */ = {
			isa = XCBuildConfiguration;
			buildSettings = {
				ASSETCATALOG_COMPILER_APPICON_NAME = AppIcon;
				ASSETCATALOG_COMPILER_GLOBAL_ACCENT_COLOR_NAME = AccentColor;
				CODE_SIGN_STYLE = Automatic;
				CURRENT_PROJECT_VERSION = 1;
				DEVELOPMENT_ASSET_PATHS = "\"MVVM_Ueong/Preview Content\"";
				DEVELOPMENT_TEAM = U85F6A7V29;
				ENABLE_PREVIEWS = YES;
				GENERATE_INFOPLIST_FILE = YES;
				INFOPLIST_FILE = "MVVM-Ueong-Info.plist";
				INFOPLIST_KEY_UIApplicationSceneManifest_Generation = YES;
				INFOPLIST_KEY_UIApplicationSupportsIndirectInputEvents = YES;
				INFOPLIST_KEY_UILaunchScreen_Generation = YES;
				INFOPLIST_KEY_UISupportedInterfaceOrientations_iPad = "UIInterfaceOrientationPortrait UIInterfaceOrientationPortraitUpsideDown UIInterfaceOrientationLandscapeLeft UIInterfaceOrientationLandscapeRight";
				INFOPLIST_KEY_UISupportedInterfaceOrientations_iPhone = "UIInterfaceOrientationPortrait UIInterfaceOrientationLandscapeLeft UIInterfaceOrientationLandscapeRight";
				IPHONEOS_DEPLOYMENT_TARGET = 17.5;
				LD_RUNPATH_SEARCH_PATHS = (
					"$(inherited)",
					"@executable_path/Frameworks",
				);
				MARKETING_VERSION = 1.0;
				PRODUCT_BUNDLE_IDENTIFIER = "kim.MVVM-Ueong";
				PRODUCT_NAME = "$(TARGET_NAME)";
				SWIFT_EMIT_LOC_STRINGS = YES;
				SWIFT_VERSION = 5.0;
				TARGETED_DEVICE_FAMILY = "1,2";
			};
			name = Debug;
		};
		1FC52FA22CA2CF73001A933B /* Release */ = {
			isa = XCBuildConfiguration;
			buildSettings = {
				ASSETCATALOG_COMPILER_APPICON_NAME = AppIcon;
				ASSETCATALOG_COMPILER_GLOBAL_ACCENT_COLOR_NAME = AccentColor;
				CODE_SIGN_STYLE = Automatic;
				CURRENT_PROJECT_VERSION = 1;
				DEVELOPMENT_ASSET_PATHS = "\"MVVM_Ueong/Preview Content\"";
				DEVELOPMENT_TEAM = U85F6A7V29;
				ENABLE_PREVIEWS = YES;
				GENERATE_INFOPLIST_FILE = YES;
				INFOPLIST_FILE = "MVVM-Ueong-Info.plist";
				INFOPLIST_KEY_UIApplicationSceneManifest_Generation = YES;
				INFOPLIST_KEY_UIApplicationSupportsIndirectInputEvents = YES;
				INFOPLIST_KEY_UILaunchScreen_Generation = YES;
				INFOPLIST_KEY_UISupportedInterfaceOrientations_iPad = "UIInterfaceOrientationPortrait UIInterfaceOrientationPortraitUpsideDown UIInterfaceOrientationLandscapeLeft UIInterfaceOrientationLandscapeRight";
				INFOPLIST_KEY_UISupportedInterfaceOrientations_iPhone = "UIInterfaceOrientationPortrait UIInterfaceOrientationLandscapeLeft UIInterfaceOrientationLandscapeRight";
				IPHONEOS_DEPLOYMENT_TARGET = 17.5;
				LD_RUNPATH_SEARCH_PATHS = (
					"$(inherited)",
					"@executable_path/Frameworks",
				);
				MARKETING_VERSION = 1.0;
				PRODUCT_BUNDLE_IDENTIFIER = "kim.MVVM-Ueong";
				PRODUCT_NAME = "$(TARGET_NAME)";
				SWIFT_EMIT_LOC_STRINGS = YES;
				SWIFT_VERSION = 5.0;
				TARGETED_DEVICE_FAMILY = "1,2";
			};
			name = Release;
		};
		1FC52FA42CA2CF73001A933B /* Debug */ = {
			isa = XCBuildConfiguration;
			buildSettings = {
				ALWAYS_EMBED_SWIFT_STANDARD_LIBRARIES = YES;
				BUNDLE_LOADER = "$(TEST_HOST)";
				CODE_SIGN_STYLE = Automatic;
				CURRENT_PROJECT_VERSION = 1;
				GENERATE_INFOPLIST_FILE = YES;
				IPHONEOS_DEPLOYMENT_TARGET = 17.5;
				MARKETING_VERSION = 1.0;
				PRODUCT_BUNDLE_IDENTIFIER = "kim.MVVM-UeongTests";
				PRODUCT_NAME = "$(TARGET_NAME)";
				SWIFT_EMIT_LOC_STRINGS = NO;
				SWIFT_VERSION = 5.0;
				TARGETED_DEVICE_FAMILY = "1,2";
				TEST_HOST = "$(BUILT_PRODUCTS_DIR)/MVVM_Ueong.app/$(BUNDLE_EXECUTABLE_FOLDER_PATH)/MVVM_Ueong";
			};
			name = Debug;
		};
		1FC52FA52CA2CF73001A933B /* Release */ = {
			isa = XCBuildConfiguration;
			buildSettings = {
				ALWAYS_EMBED_SWIFT_STANDARD_LIBRARIES = YES;
				BUNDLE_LOADER = "$(TEST_HOST)";
				CODE_SIGN_STYLE = Automatic;
				CURRENT_PROJECT_VERSION = 1;
				GENERATE_INFOPLIST_FILE = YES;
				IPHONEOS_DEPLOYMENT_TARGET = 17.5;
				MARKETING_VERSION = 1.0;
				PRODUCT_BUNDLE_IDENTIFIER = "kim.MVVM-UeongTests";
				PRODUCT_NAME = "$(TARGET_NAME)";
				SWIFT_EMIT_LOC_STRINGS = NO;
				SWIFT_VERSION = 5.0;
				TARGETED_DEVICE_FAMILY = "1,2";
				TEST_HOST = "$(BUILT_PRODUCTS_DIR)/MVVM_Ueong.app/$(BUNDLE_EXECUTABLE_FOLDER_PATH)/MVVM_Ueong";
			};
			name = Release;
		};
		1FC52FA72CA2CF73001A933B /* Debug */ = {
			isa = XCBuildConfiguration;
			buildSettings = {
				ALWAYS_EMBED_SWIFT_STANDARD_LIBRARIES = YES;
				CODE_SIGN_STYLE = Automatic;
				CURRENT_PROJECT_VERSION = 1;
				GENERATE_INFOPLIST_FILE = YES;
				MARKETING_VERSION = 1.0;
				PRODUCT_BUNDLE_IDENTIFIER = "kim.MVVM-UeongUITests";
				PRODUCT_NAME = "$(TARGET_NAME)";
				SWIFT_EMIT_LOC_STRINGS = NO;
				SWIFT_VERSION = 5.0;
				TARGETED_DEVICE_FAMILY = "1,2";
				TEST_TARGET_NAME = MVVM_Ueong;
			};
			name = Debug;
		};
		1FC52FA82CA2CF73001A933B /* Release */ = {
			isa = XCBuildConfiguration;
			buildSettings = {
				ALWAYS_EMBED_SWIFT_STANDARD_LIBRARIES = YES;
				CODE_SIGN_STYLE = Automatic;
				CURRENT_PROJECT_VERSION = 1;
				GENERATE_INFOPLIST_FILE = YES;
				MARKETING_VERSION = 1.0;
				PRODUCT_BUNDLE_IDENTIFIER = "kim.MVVM-UeongUITests";
				PRODUCT_NAME = "$(TARGET_NAME)";
				SWIFT_EMIT_LOC_STRINGS = NO;
				SWIFT_VERSION = 5.0;
				TARGETED_DEVICE_FAMILY = "1,2";
				TEST_TARGET_NAME = MVVM_Ueong;
			};
			name = Release;
		};
/* End XCBuildConfiguration section */

/* Begin XCConfigurationList section */
		1FC52F722CA2CF72001A933B /* Build configuration list for PBXProject "MVVM_Ueong" */ = {
			isa = XCConfigurationList;
			buildConfigurations = (
				1FC52F9E2CA2CF73001A933B /* Debug */,
				1FC52F9F2CA2CF73001A933B /* Release */,
			);
			defaultConfigurationIsVisible = 0;
			defaultConfigurationName = Release;
		};
		1FC52FA02CA2CF73001A933B /* Build configuration list for PBXNativeTarget "MVVM_Ueong" */ = {
			isa = XCConfigurationList;
			buildConfigurations = (
				1FC52FA12CA2CF73001A933B /* Debug */,
				1FC52FA22CA2CF73001A933B /* Release */,
			);
			defaultConfigurationIsVisible = 0;
			defaultConfigurationName = Release;
		};
		1FC52FA32CA2CF73001A933B /* Build configuration list for PBXNativeTarget "MVVM_UeongTests" */ = {
			isa = XCConfigurationList;
			buildConfigurations = (
				1FC52FA42CA2CF73001A933B /* Debug */,
				1FC52FA52CA2CF73001A933B /* Release */,
			);
			defaultConfigurationIsVisible = 0;
			defaultConfigurationName = Release;
		};
		1FC52FA62CA2CF73001A933B /* Build configuration list for PBXNativeTarget "MVVM_UeongUITests" */ = {
			isa = XCConfigurationList;
			buildConfigurations = (
				1FC52FA72CA2CF73001A933B /* Debug */,
				1FC52FA82CA2CF73001A933B /* Release */,
			);
			defaultConfigurationIsVisible = 0;
			defaultConfigurationName = Release;
		};
/* End XCConfigurationList section */

/* Begin XCRemoteSwiftPackageReference section */
		1F53E2C72CAD506E0071A8C8 /* XCRemoteSwiftPackageReference "socket" */ = {
			isa = XCRemoteSwiftPackageReference;
			repositoryURL = "https://github.com/socketio/socket.io-client-swift";
			requirement = {
				branch = master;
				kind = branch;
			};
		};
/* End XCRemoteSwiftPackageReference section */

/* Begin XCSwiftPackageProductDependency section */
		1F444F032CCD69E500824F43 /* SocketIO */ = {
			isa = XCSwiftPackageProductDependency;
			package = 1F53E2C72CAD506E0071A8C8 /* XCRemoteSwiftPackageReference "socket" */;
			productName = SocketIO;
		};
/* End XCSwiftPackageProductDependency section */

/* Begin XCVersionGroup section */
		1FC52F852CA2CF73001A933B /* MVVM_Ueong.xcdatamodeld */ = {
			isa = XCVersionGroup;
			children = (
				1FC52F862CA2CF73001A933B /* MVVM_Ueong.xcdatamodel */,
			);
			currentVersion = 1FC52F862CA2CF73001A933B /* MVVM_Ueong.xcdatamodel */;
			path = MVVM_Ueong.xcdatamodeld;
			sourceTree = "<group>";
			versionGroupType = wrapper.xcdatamodel;
		};
/* End XCVersionGroup section */
	};
	rootObject = 1FC52F6F2CA2CF72001A933B /* Project object */;
}
